// !$*UTF8*$!
{
	archiveVersion = 1;
	classes = {
	};
	objectVersion = 46;
	objects = {

/* Begin PBXBuildFile section */
		24813A86948BE90BD4CCC462 /* liveSendOsc.cpp in Sources */ = {isa = PBXBuildFile; fileRef = 6C13B5B21EC605A6A1308B28 /* liveSendOsc.cpp */; };
		2A7921FEB1161965628ACFA8 /* OscPrintReceivedElements.cpp in Sources */ = {isa = PBXBuildFile; fileRef = EE5861708A834E18494B4852 /* OscPrintReceivedElements.cpp */; };
		33814105F6A96270AF028D2F /* ofxAssimpTexture.cpp in Sources */ = {isa = PBXBuildFile; fileRef = E0D556D5B33B85E33026E56D /* ofxAssimpTexture.cpp */; };
		4D508D34156E7076531D9084 /* Syphon.framework in CopyFiles */ = {isa = PBXBuildFile; fileRef = D58DCB2C0AEFDE6171E29540 /* Syphon.framework */; };
		55AAC3282396CD4400AB1AD7 /* liveClientOsc.cpp in Sources */ = {isa = PBXBuildFile; fileRef = 55AAC3262396CD4400AB1AD7 /* liveClientOsc.cpp */; };
		56110B19033B64E6B7B700E4 /* ofxTktrPerformanceTuning.cpp in Sources */ = {isa = PBXBuildFile; fileRef = 4D37D96CF59694132C6A2ACB /* ofxTktrPerformanceTuning.cpp */; };
		62D30AF5E6E55B5069EE578B /* ofxOscSender.cpp in Sources */ = {isa = PBXBuildFile; fileRef = 3BC79769C1F8B4B9C4317FB9 /* ofxOscSender.cpp */; };
		74F8700AC51D1515F7C905F3 /* NetworkingUtils.cpp in Sources */ = {isa = PBXBuildFile; fileRef = AD73082E0F53A315647AE1B8 /* NetworkingUtils.cpp */; };
		77CF46ECF8C4322F32F005BA /* SyphonNameboundClient.m in Sources */ = {isa = PBXBuildFile; fileRef = EE2524D761B4DB1AD39D2E83 /* SyphonNameboundClient.m */; };
		7BD03513A46AEFF7DF5103D4 /* ofxSyphonClient.mm in Sources */ = {isa = PBXBuildFile; fileRef = 3C4C2CA4900E49AA60434838 /* ofxSyphonClient.mm */; };
		7DB941727603AC19D136C767 /* ofxTrueTypeFontUL2.cpp in Sources */ = {isa = PBXBuildFile; fileRef = BD6C90DAA8DCE5455150B60A /* ofxTrueTypeFontUL2.cpp */; };
		7EEBD360D2239FF7E5A734D2 /* ofxAssimpModelLoader.cpp in Sources */ = {isa = PBXBuildFile; fileRef = 6AA736929AA49EE98021C72B /* ofxAssimpModelLoader.cpp */; };
		8360AEF2ADB5B23112F49E41 /* OscOutboundPacketStream.cpp in Sources */ = {isa = PBXBuildFile; fileRef = 9EE6F9D0420BE29F5FA951E1 /* OscOutboundPacketStream.cpp */; };
		89830898915C2EDDD8238279 /* ofxOscMessage.cpp in Sources */ = {isa = PBXBuildFile; fileRef = 129C9B18744BDDD8760C0358 /* ofxOscMessage.cpp */; };
		9104A1F4E45D9BA233273D96 /* ofxAssimpMeshHelper.cpp in Sources */ = {isa = PBXBuildFile; fileRef = 34D6C84CD34B0E73D15B8EF0 /* ofxAssimpMeshHelper.cpp */; };
		93E46C5C831D05CAA96E1E86 /* polylineBrush.cpp in Sources */ = {isa = PBXBuildFile; fileRef = DDD27149090F570B18C87DF6 /* polylineBrush.cpp */; };
		A1A44EA3D21A15B903D6FE81 /* boxMake.cpp in Sources */ = {isa = PBXBuildFile; fileRef = 1864DAAC504D900CAB16F381 /* boxMake.cpp */; };
		A6A78CD9D2693A005C7FB993 /* OscTypes.cpp in Sources */ = {isa = PBXBuildFile; fileRef = E2B8B2209F71E56F781A8529 /* OscTypes.cpp */; };
		AA72711A2856ED6CC0D96628 /* ofxOscReceiver.cpp in Sources */ = {isa = PBXBuildFile; fileRef = 90C0223CD5FD0D04D35A0917 /* ofxOscReceiver.cpp */; };
		AFCBECA1F9A7A08D396AF27D /* ofxOscParameterSync.cpp in Sources */ = {isa = PBXBuildFile; fileRef = 7B1033B45271002B1B103617 /* ofxOscParameterSync.cpp */; };
		BE43B96C6E66E5DFD270C7FA /* ofxAssimpAnimation.cpp in Sources */ = {isa = PBXBuildFile; fileRef = 0D5AB76E5B2731F24F4D4185 /* ofxAssimpAnimation.cpp */; };
		BE730B4FC289C543D15B0338 /* OscReceivedElements.cpp in Sources */ = {isa = PBXBuildFile; fileRef = 0A29B67E71DE014B55A52050 /* OscReceivedElements.cpp */; };
		C3C1DD68FC3FFBA248FD0DDC /* ofxSyphonServer.mm in Sources */ = {isa = PBXBuildFile; fileRef = 397FC3AE11974972FF0ABE2D /* ofxSyphonServer.mm */; };
		DDCF4820641905CBFF94CB02 /* UdpSocket.cpp in Sources */ = {isa = PBXBuildFile; fileRef = 04C54714614582DE185E49EB /* UdpSocket.cpp */; };
		E0E870A093017D5F1DCFD7EB /* ofxSyphonServerDirectory.mm in Sources */ = {isa = PBXBuildFile; fileRef = 0644883E7A9F44D9E84162F9 /* ofxSyphonServerDirectory.mm */; };
		E1A3FD40C8BCD507345F1126 /* Syphon.framework in Frameworks */ = {isa = PBXBuildFile; fileRef = D58DCB2C0AEFDE6171E29540 /* Syphon.framework */; };
		E4328149138ABC9F0047C5CB /* openFrameworksDebug.a in Frameworks */ = {isa = PBXBuildFile; fileRef = E4328148138ABC890047C5CB /* openFrameworksDebug.a */; };
		E4B69E200A3A1BDC003C02F2 /* main.cpp in Sources */ = {isa = PBXBuildFile; fileRef = E4B69E1D0A3A1BDC003C02F2 /* main.cpp */; };
		E4B69E210A3A1BDC003C02F2 /* ofApp.cpp in Sources */ = {isa = PBXBuildFile; fileRef = E4B69E1E0A3A1BDC003C02F2 /* ofApp.cpp */; };
		F4E58A2A3C09FD4835E11299 /* IpEndpointName.cpp in Sources */ = {isa = PBXBuildFile; fileRef = C702DE067DB0A90283B03D91 /* IpEndpointName.cpp */; };
		F77B128999594B249D698690 /* ofxOscBundle.cpp in Sources */ = {isa = PBXBuildFile; fileRef = 5EF71AC81ABFA63D8EBEEC08 /* ofxOscBundle.cpp */; };
/* End PBXBuildFile section */

/* Begin PBXContainerItemProxy section */
		E4328147138ABC890047C5CB /* PBXContainerItemProxy */ = {
			isa = PBXContainerItemProxy;
			containerPortal = E4328143138ABC890047C5CB /* openFrameworksLib.xcodeproj */;
			proxyType = 2;
			remoteGlobalIDString = E4B27C1510CBEB8E00536013;
			remoteInfo = openFrameworks;
		};
		E4EEB9AB138B136A00A80321 /* PBXContainerItemProxy */ = {
			isa = PBXContainerItemProxy;
			containerPortal = E4328143138ABC890047C5CB /* openFrameworksLib.xcodeproj */;
			proxyType = 1;
			remoteGlobalIDString = E4B27C1410CBEB8E00536013;
			remoteInfo = openFrameworks;
		};
/* End PBXContainerItemProxy section */

/* Begin PBXCopyFilesBuildPhase section */
		E4C2427710CC5ABF004149E2 /* CopyFiles */ = {
			isa = PBXCopyFilesBuildPhase;
			buildActionMask = 2147483647;
			dstPath = "";
			dstSubfolderSpec = 10;
			files = (
				4D508D34156E7076531D9084 /* Syphon.framework in CopyFiles */,
			);
			runOnlyForDeploymentPostprocessing = 0;
		};
/* End PBXCopyFilesBuildPhase section */

/* Begin PBXFileReference section */
		000F0D02D255591A837330FA /* OscPrintReceivedElements.h */ = {isa = PBXFileReference; explicitFileType = sourcecode.c.h; fileEncoding = 30; name = OscPrintReceivedElements.h; path = ../../../../../Applications/of_v0.9.8_osx_release/addons/ofxOsc/libs/oscpack/src/osc/OscPrintReceivedElements.h; sourceTree = SOURCE_ROOT; };
		04C54714614582DE185E49EB /* UdpSocket.cpp */ = {isa = PBXFileReference; explicitFileType = sourcecode.cpp.cpp; fileEncoding = 30; name = UdpSocket.cpp; path = ../../../../../Applications/of_v0.9.8_osx_release/addons/ofxOsc/libs/oscpack/src/ip/posix/UdpSocket.cpp; sourceTree = SOURCE_ROOT; };
		0644883E7A9F44D9E84162F9 /* ofxSyphonServerDirectory.mm */ = {isa = PBXFileReference; explicitFileType = sourcecode.cpp.objcpp; fileEncoding = 30; name = ofxSyphonServerDirectory.mm; path = ../../../../../Applications/of_v0.9.8_osx_release/addons/ofxSyphon/src/ofxSyphonServerDirectory.mm; sourceTree = SOURCE_ROOT; };
		0A29B67E71DE014B55A52050 /* OscReceivedElements.cpp */ = {isa = PBXFileReference; explicitFileType = sourcecode.cpp.cpp; fileEncoding = 30; name = OscReceivedElements.cpp; path = ../../../../../Applications/of_v0.9.8_osx_release/addons/ofxOsc/libs/oscpack/src/osc/OscReceivedElements.cpp; sourceTree = SOURCE_ROOT; };
		0AAFF56D5A76B5BDE9217968 /* pstdint.h */ = {isa = PBXFileReference; explicitFileType = sourcecode.c.h; fileEncoding = 30; name = pstdint.h; path = ../../../../../Applications/of_v0.9.8_osx_release/addons/ofxAssimpModelLoader/libs/assimp/include/assimp/Compiler/pstdint.h; sourceTree = SOURCE_ROOT; };
		0D5AB76E5B2731F24F4D4185 /* ofxAssimpAnimation.cpp */ = {isa = PBXFileReference; explicitFileType = sourcecode.cpp.cpp; fileEncoding = 30; name = ofxAssimpAnimation.cpp; path = ../../../../../Applications/of_v0.9.8_osx_release/addons/ofxAssimpModelLoader/src/ofxAssimpAnimation.cpp; sourceTree = SOURCE_ROOT; };
		0DC81127CA5C6FE477818F7A /* ofxAssimpTexture.h */ = {isa = PBXFileReference; explicitFileType = sourcecode.c.h; fileEncoding = 30; name = ofxAssimpTexture.h; path = ../../../../../Applications/of_v0.9.8_osx_release/addons/ofxAssimpModelLoader/src/ofxAssimpTexture.h; sourceTree = SOURCE_ROOT; };
		11802E35F47A0E744C906AA4 /* ofxAssimpUtils.h */ = {isa = PBXFileReference; explicitFileType = sourcecode.c.h; fileEncoding = 30; name = ofxAssimpUtils.h; path = ../../../../../Applications/of_v0.9.8_osx_release/addons/ofxAssimpModelLoader/src/ofxAssimpUtils.h; sourceTree = SOURCE_ROOT; };
		1228D84A6F4434AF730E5795 /* ofxAssimpMeshHelper.h */ = {isa = PBXFileReference; explicitFileType = sourcecode.c.h; fileEncoding = 30; name = ofxAssimpMeshHelper.h; path = ../../../../../Applications/of_v0.9.8_osx_release/addons/ofxAssimpModelLoader/src/ofxAssimpMeshHelper.h; sourceTree = SOURCE_ROOT; };
		129C9B18744BDDD8760C0358 /* ofxOscMessage.cpp */ = {isa = PBXFileReference; explicitFileType = sourcecode.cpp.cpp; fileEncoding = 30; name = ofxOscMessage.cpp; path = ../../../../../Applications/of_v0.9.8_osx_release/addons/ofxOsc/src/ofxOscMessage.cpp; sourceTree = SOURCE_ROOT; };
		13C5EF5B591E187004842F04 /* ofxTrueTypeFontUL2.h */ = {isa = PBXFileReference; explicitFileType = sourcecode.c.h; fileEncoding = 30; name = ofxTrueTypeFontUL2.h; path = ../../../../../Applications/of_v0.9.8_osx_release/addons/ofxTrueTypeFontUL2/src/ofxTrueTypeFontUL2.h; sourceTree = SOURCE_ROOT; };
		143ACCC3A9EC9C63423AA380 /* scene.h */ = {isa = PBXFileReference; explicitFileType = sourcecode.c.h; fileEncoding = 30; name = scene.h; path = ../../../../../Applications/of_v0.9.8_osx_release/addons/ofxAssimpModelLoader/libs/assimp/include/assimp/scene.h; sourceTree = SOURCE_ROOT; };
		1864DAAC504D900CAB16F381 /* boxMake.cpp */ = {isa = PBXFileReference; explicitFileType = sourcecode.cpp.cpp; fileEncoding = 30; name = boxMake.cpp; path = src/boxMake.cpp; sourceTree = SOURCE_ROOT; };
		187B8079E1D2ACCE400A1A2C /* NullLogger.hpp */ = {isa = PBXFileReference; explicitFileType = sourcecode.c.h; fileEncoding = 30; name = NullLogger.hpp; path = ../../../../../Applications/of_v0.9.8_osx_release/addons/ofxAssimpModelLoader/libs/assimp/include/assimp/NullLogger.hpp; sourceTree = SOURCE_ROOT; };
		1BC68CB8079B5C7FEF2D8C6F /* version.h */ = {isa = PBXFileReference; explicitFileType = sourcecode.c.h; fileEncoding = 30; name = version.h; path = ../../../../../Applications/of_v0.9.8_osx_release/addons/ofxAssimpModelLoader/libs/assimp/include/assimp/version.h; sourceTree = SOURCE_ROOT; };
		1DEA1793C4DAB687A64EFFBA /* ai_assert.h */ = {isa = PBXFileReference; explicitFileType = sourcecode.c.h; fileEncoding = 30; name = ai_assert.h; path = ../../../../../Applications/of_v0.9.8_osx_release/addons/ofxAssimpModelLoader/libs/assimp/include/assimp/ai_assert.h; sourceTree = SOURCE_ROOT; };
		1EF07D612C572651819FA9AC /* liveSendOsc.hpp */ = {isa = PBXFileReference; explicitFileType = sourcecode.c.h; fileEncoding = 30; name = liveSendOsc.hpp; path = src/liveSendOsc.hpp; sourceTree = SOURCE_ROOT; };
		242F3FA6CF8DFC8EDB42560D /* ofxOscBundle.h */ = {isa = PBXFileReference; explicitFileType = sourcecode.c.h; fileEncoding = 30; name = ofxOscBundle.h; path = ../../../../../Applications/of_v0.9.8_osx_release/addons/ofxOsc/src/ofxOscBundle.h; sourceTree = SOURCE_ROOT; };
		25E5C90BF23B65C70FE62809 /* ofxOscReceiver.h */ = {isa = PBXFileReference; explicitFileType = sourcecode.c.h; fileEncoding = 30; name = ofxOscReceiver.h; path = ../../../../../Applications/of_v0.9.8_osx_release/addons/ofxOsc/src/ofxOscReceiver.h; sourceTree = SOURCE_ROOT; };
		2B5CE4B6E0B4A0B09DE52E8A /* OscTypes.h */ = {isa = PBXFileReference; explicitFileType = sourcecode.c.h; fileEncoding = 30; name = OscTypes.h; path = ../../../../../Applications/of_v0.9.8_osx_release/addons/ofxOsc/libs/oscpack/src/osc/OscTypes.h; sourceTree = SOURCE_ROOT; };
		2BDD84B3479AC43ECD906FC6 /* ofxOscSender.h */ = {isa = PBXFileReference; explicitFileType = sourcecode.c.h; fileEncoding = 30; name = ofxOscSender.h; path = ../../../../../Applications/of_v0.9.8_osx_release/addons/ofxOsc/src/ofxOscSender.h; sourceTree = SOURCE_ROOT; };
		342B3C380E6AFD1FB72B2734 /* TimerListener.h */ = {isa = PBXFileReference; explicitFileType = sourcecode.c.h; fileEncoding = 30; name = TimerListener.h; path = ../../../../../Applications/of_v0.9.8_osx_release/addons/ofxOsc/libs/oscpack/src/ip/TimerListener.h; sourceTree = SOURCE_ROOT; };
		344939D57C6E49E6C9A70936 /* IpEndpointName.h */ = {isa = PBXFileReference; explicitFileType = sourcecode.c.h; fileEncoding = 30; name = IpEndpointName.h; path = ../../../../../Applications/of_v0.9.8_osx_release/addons/ofxOsc/libs/oscpack/src/ip/IpEndpointName.h; sourceTree = SOURCE_ROOT; };
		34D6C84CD34B0E73D15B8EF0 /* ofxAssimpMeshHelper.cpp */ = {isa = PBXFileReference; explicitFileType = sourcecode.cpp.cpp; fileEncoding = 30; name = ofxAssimpMeshHelper.cpp; path = ../../../../../Applications/of_v0.9.8_osx_release/addons/ofxAssimpModelLoader/src/ofxAssimpMeshHelper.cpp; sourceTree = SOURCE_ROOT; };
		36E2FD75F4A5FB1D778C27C1 /* IOStream.hpp */ = {isa = PBXFileReference; explicitFileType = sourcecode.c.h; fileEncoding = 30; name = IOStream.hpp; path = ../../../../../Applications/of_v0.9.8_osx_release/addons/ofxAssimpModelLoader/libs/assimp/include/assimp/IOStream.hpp; sourceTree = SOURCE_ROOT; };
		392F7E82A8A17342516D31CA /* hb.h */ = {isa = PBXFileReference; explicitFileType = sourcecode.c.h; fileEncoding = 30; name = hb.h; path = ../../../../../Applications/of_v0.9.8_osx_release/addons/ofxTrueTypeFontUL2/libs/harfbuzz/include/hb.h; sourceTree = SOURCE_ROOT; };
		397FC3AE11974972FF0ABE2D /* ofxSyphonServer.mm */ = {isa = PBXFileReference; explicitFileType = sourcecode.cpp.objcpp; fileEncoding = 30; name = ofxSyphonServer.mm; path = ../../../../../Applications/of_v0.9.8_osx_release/addons/ofxSyphon/src/ofxSyphonServer.mm; sourceTree = SOURCE_ROOT; };
		3B607E6515D9FFA813F6B139 /* ofxOscMessage.h */ = {isa = PBXFileReference; explicitFileType = sourcecode.c.h; fileEncoding = 30; name = ofxOscMessage.h; path = ../../../../../Applications/of_v0.9.8_osx_release/addons/ofxOsc/src/ofxOscMessage.h; sourceTree = SOURCE_ROOT; };
		3BC79769C1F8B4B9C4317FB9 /* ofxOscSender.cpp */ = {isa = PBXFileReference; explicitFileType = sourcecode.cpp.cpp; fileEncoding = 30; name = ofxOscSender.cpp; path = ../../../../../Applications/of_v0.9.8_osx_release/addons/ofxOsc/src/ofxOscSender.cpp; sourceTree = SOURCE_ROOT; };
		3C4C2CA4900E49AA60434838 /* ofxSyphonClient.mm */ = {isa = PBXFileReference; explicitFileType = sourcecode.cpp.objcpp; fileEncoding = 30; name = ofxSyphonClient.mm; path = ../../../../../Applications/of_v0.9.8_osx_release/addons/ofxSyphon/src/ofxSyphonClient.mm; sourceTree = SOURCE_ROOT; };
		3E78BE773CF2124EBD751786 /* postprocess.h */ = {isa = PBXFileReference; explicitFileType = sourcecode.c.h; fileEncoding = 30; name = postprocess.h; path = ../../../../../Applications/of_v0.9.8_osx_release/addons/ofxAssimpModelLoader/libs/assimp/include/assimp/postprocess.h; sourceTree = SOURCE_ROOT; };
		3FB54077D1F6FFC22D694277 /* defs.h */ = {isa = PBXFileReference; explicitFileType = sourcecode.c.h; fileEncoding = 30; name = defs.h; path = ../../../../../Applications/of_v0.9.8_osx_release/addons/ofxAssimpModelLoader/libs/assimp/include/assimp/defs.h; sourceTree = SOURCE_ROOT; };
		41752E233B70F0C80BCB44E7 /* hb-ot-layout.h */ = {isa = PBXFileReference; explicitFileType = sourcecode.c.h; fileEncoding = 30; name = "hb-ot-layout.h"; path = "../../../../../Applications/of_v0.9.8_osx_release/addons/ofxTrueTypeFontUL2/libs/harfbuzz/include/hb-ot-layout.h"; sourceTree = SOURCE_ROOT; };
		435DADFC45685FA0A59EFC34 /* importerdesc.h */ = {isa = PBXFileReference; explicitFileType = sourcecode.c.h; fileEncoding = 30; name = importerdesc.h; path = ../../../../../Applications/of_v0.9.8_osx_release/addons/ofxAssimpModelLoader/libs/assimp/include/assimp/importerdesc.h; sourceTree = SOURCE_ROOT; };
		44735561598803649181A22D /* hb-set.h */ = {isa = PBXFileReference; explicitFileType = sourcecode.c.h; fileEncoding = 30; name = "hb-set.h"; path = "../../../../../Applications/of_v0.9.8_osx_release/addons/ofxTrueTypeFontUL2/libs/harfbuzz/include/hb-set.h"; sourceTree = SOURCE_ROOT; };
		4D37D96CF59694132C6A2ACB /* ofxTktrPerformanceTuning.cpp */ = {isa = PBXFileReference; explicitFileType = sourcecode.cpp.cpp; fileEncoding = 30; name = ofxTktrPerformanceTuning.cpp; path = ../../../../../Applications/of_v0.9.8_osx_release/addons/ofxTktrPerformanceTuning/src/ofxTktrPerformanceTuning.cpp; sourceTree = SOURCE_ROOT; };
		4EAF0CC27BD77C3D7626E6BE /* Exporter.hpp */ = {isa = PBXFileReference; explicitFileType = sourcecode.c.h; fileEncoding = 30; name = Exporter.hpp; path = ../../../../../Applications/of_v0.9.8_osx_release/addons/ofxAssimpModelLoader/libs/assimp/include/assimp/Exporter.hpp; sourceTree = SOURCE_ROOT; };
		5040B09EF14BA1FA1638DC83 /* ofxAssimpModelLoader.h */ = {isa = PBXFileReference; explicitFileType = sourcecode.c.h; fileEncoding = 30; name = ofxAssimpModelLoader.h; path = ../../../../../Applications/of_v0.9.8_osx_release/addons/ofxAssimpModelLoader/src/ofxAssimpModelLoader.h; sourceTree = SOURCE_ROOT; };
		519AE99A75E98AD0238F384A /* hb-ot.h */ = {isa = PBXFileReference; explicitFileType = sourcecode.c.h; fileEncoding = 30; name = "hb-ot.h"; path = "../../../../../Applications/of_v0.9.8_osx_release/addons/ofxTrueTypeFontUL2/libs/harfbuzz/include/hb-ot.h"; sourceTree = SOURCE_ROOT; };
		53BB931737FD935ACCFEFD63 /* hb-blob.h */ = {isa = PBXFileReference; explicitFileType = sourcecode.c.h; fileEncoding = 30; name = "hb-blob.h"; path = "../../../../../Applications/of_v0.9.8_osx_release/addons/ofxTrueTypeFontUL2/libs/harfbuzz/include/hb-blob.h"; sourceTree = SOURCE_ROOT; };
		542601BA3747BDE06D1DDA75 /* matrix4x4.h */ = {isa = PBXFileReference; explicitFileType = sourcecode.c.h; fileEncoding = 30; name = matrix4x4.h; path = ../../../../../Applications/of_v0.9.8_osx_release/addons/ofxAssimpModelLoader/libs/assimp/include/assimp/matrix4x4.h; sourceTree = SOURCE_ROOT; };
		55AAC3262396CD4400AB1AD7 /* liveClientOsc.cpp */ = {isa = PBXFileReference; lastKnownFileType = sourcecode.cpp.cpp; path = liveClientOsc.cpp; sourceTree = "<group>"; };
		55AAC3272396CD4400AB1AD7 /* liveClientOsc.hpp */ = {isa = PBXFileReference; lastKnownFileType = sourcecode.cpp.h; path = liveClientOsc.hpp; sourceTree = "<group>"; };
		563F5246343189206C754D82 /* config.h */ = {isa = PBXFileReference; explicitFileType = sourcecode.c.h; fileEncoding = 30; name = config.h; path = ../../../../../Applications/of_v0.9.8_osx_release/addons/ofxAssimpModelLoader/libs/assimp/include/assimp/config.h; sourceTree = SOURCE_ROOT; };
		59DDC1D97D4424F962A9291E /* matrix3x3.h */ = {isa = PBXFileReference; explicitFileType = sourcecode.c.h; fileEncoding = 30; name = matrix3x3.h; path = ../../../../../Applications/of_v0.9.8_osx_release/addons/ofxAssimpModelLoader/libs/assimp/include/assimp/matrix3x3.h; sourceTree = SOURCE_ROOT; };
		5B3504EB84F3662132984E28 /* hb-common.h */ = {isa = PBXFileReference; explicitFileType = sourcecode.c.h; fileEncoding = 30; name = "hb-common.h"; path = "../../../../../Applications/of_v0.9.8_osx_release/addons/ofxTrueTypeFontUL2/libs/harfbuzz/include/hb-common.h"; sourceTree = SOURCE_ROOT; };
		5EF71AC81ABFA63D8EBEEC08 /* ofxOscBundle.cpp */ = {isa = PBXFileReference; explicitFileType = sourcecode.cpp.cpp; fileEncoding = 30; name = ofxOscBundle.cpp; path = ../../../../../Applications/of_v0.9.8_osx_release/addons/ofxOsc/src/ofxOscBundle.cpp; sourceTree = SOURCE_ROOT; };
		61473AA551A1E0C725F92C7C /* ofxTktrPerformanceTuning.h */ = {isa = PBXFileReference; explicitFileType = sourcecode.c.h; fileEncoding = 30; name = ofxTktrPerformanceTuning.h; path = ../../../../../Applications/of_v0.9.8_osx_release/addons/ofxTktrPerformanceTuning/src/ofxTktrPerformanceTuning.h; sourceTree = SOURCE_ROOT; };
		634E92E5E0C66540CC16879D /* OscOutboundPacketStream.h */ = {isa = PBXFileReference; explicitFileType = sourcecode.c.h; fileEncoding = 30; name = OscOutboundPacketStream.h; path = ../../../../../Applications/of_v0.9.8_osx_release/addons/ofxOsc/libs/oscpack/src/osc/OscOutboundPacketStream.h; sourceTree = SOURCE_ROOT; };
		64FE00B0C222CA8AB5D636CB /* cexport.h */ = {isa = PBXFileReference; explicitFileType = sourcecode.c.h; fileEncoding = 30; name = cexport.h; path = ../../../../../Applications/of_v0.9.8_osx_release/addons/ofxAssimpModelLoader/libs/assimp/include/assimp/cexport.h; sourceTree = SOURCE_ROOT; };
		6749E1855F63346526CAE110 /* hb-shape.h */ = {isa = PBXFileReference; explicitFileType = sourcecode.c.h; fileEncoding = 30; name = "hb-shape.h"; path = "../../../../../Applications/of_v0.9.8_osx_release/addons/ofxTrueTypeFontUL2/libs/harfbuzz/include/hb-shape.h"; sourceTree = SOURCE_ROOT; };
		6AA736929AA49EE98021C72B /* ofxAssimpModelLoader.cpp */ = {isa = PBXFileReference; explicitFileType = sourcecode.cpp.cpp; fileEncoding = 30; name = ofxAssimpModelLoader.cpp; path = ../../../../../Applications/of_v0.9.8_osx_release/addons/ofxAssimpModelLoader/src/ofxAssimpModelLoader.cpp; sourceTree = SOURCE_ROOT; };
		6AB6E8EDF881F35A526273D5 /* cimport.h */ = {isa = PBXFileReference; explicitFileType = sourcecode.c.h; fileEncoding = 30; name = cimport.h; path = ../../../../../Applications/of_v0.9.8_osx_release/addons/ofxAssimpModelLoader/libs/assimp/include/assimp/cimport.h; sourceTree = SOURCE_ROOT; };
		6C13B5B21EC605A6A1308B28 /* liveSendOsc.cpp */ = {isa = PBXFileReference; explicitFileType = sourcecode.cpp.cpp; fileEncoding = 30; name = liveSendOsc.cpp; path = src/liveSendOsc.cpp; sourceTree = SOURCE_ROOT; };
		6C220FD7E7EA6E42A6FD54E0 /* ofxOsc.h */ = {isa = PBXFileReference; explicitFileType = sourcecode.c.h; fileEncoding = 30; name = ofxOsc.h; path = ../../../../../Applications/of_v0.9.8_osx_release/addons/ofxOsc/src/ofxOsc.h; sourceTree = SOURCE_ROOT; };
		72B0AC234323F2DEDB73153E /* texture.h */ = {isa = PBXFileReference; explicitFileType = sourcecode.c.h; fileEncoding = 30; name = texture.h; path = ../../../../../Applications/of_v0.9.8_osx_release/addons/ofxAssimpModelLoader/libs/assimp/include/assimp/texture.h; sourceTree = SOURCE_ROOT; };
		7343880589CEA180ED23BF1C /* camera.h */ = {isa = PBXFileReference; explicitFileType = sourcecode.c.h; fileEncoding = 30; name = camera.h; path = ../../../../../Applications/of_v0.9.8_osx_release/addons/ofxAssimpModelLoader/libs/assimp/include/assimp/camera.h; sourceTree = SOURCE_ROOT; };
		787DE0DEC64E99E21475C11A /* MessageMappingOscPacketListener.h */ = {isa = PBXFileReference; explicitFileType = sourcecode.c.h; fileEncoding = 30; name = MessageMappingOscPacketListener.h; path = ../../../../../Applications/of_v0.9.8_osx_release/addons/ofxOsc/libs/oscpack/src/osc/MessageMappingOscPacketListener.h; sourceTree = SOURCE_ROOT; };
		7AFFBDCC182B3C0C209296E0 /* poppack1.h */ = {isa = PBXFileReference; explicitFileType = sourcecode.c.h; fileEncoding = 30; name = poppack1.h; path = ../../../../../Applications/of_v0.9.8_osx_release/addons/ofxAssimpModelLoader/libs/assimp/include/assimp/Compiler/poppack1.h; sourceTree = SOURCE_ROOT; };
		7B1033B45271002B1B103617 /* ofxOscParameterSync.cpp */ = {isa = PBXFileReference; explicitFileType = sourcecode.cpp.cpp; fileEncoding = 30; name = ofxOscParameterSync.cpp; path = ../../../../../Applications/of_v0.9.8_osx_release/addons/ofxOsc/src/ofxOscParameterSync.cpp; sourceTree = SOURCE_ROOT; };
		7C147EADCE1DF66E67A1E0E4 /* polylineBrush.hpp */ = {isa = PBXFileReference; explicitFileType = sourcecode.c.h; fileEncoding = 30; name = polylineBrush.hpp; path = src/polylineBrush.hpp; sourceTree = SOURCE_ROOT; };
		7DAE5DCF275830C6410C2FEB /* ofxTktrPerformanceTuningMacros.h */ = {isa = PBXFileReference; explicitFileType = sourcecode.c.h; fileEncoding = 30; name = ofxTktrPerformanceTuningMacros.h; path = ../../../../../Applications/of_v0.9.8_osx_release/addons/ofxTktrPerformanceTuning/src/ofxTktrPerformanceTuningMacros.h; sourceTree = SOURCE_ROOT; };
		80AC5C78298DFF4020BE7C55 /* hb-glib.h */ = {isa = PBXFileReference; explicitFileType = sourcecode.c.h; fileEncoding = 30; name = "hb-glib.h"; path = "../../../../../Applications/of_v0.9.8_osx_release/addons/ofxTrueTypeFontUL2/libs/harfbuzz/include/hb-glib.h"; sourceTree = SOURCE_ROOT; };
		81A20FA18CC7B210EB1987A3 /* ofxTktrPerformanceTuningScoped.h */ = {isa = PBXFileReference; explicitFileType = sourcecode.c.h; fileEncoding = 30; name = ofxTktrPerformanceTuningScoped.h; path = ../../../../../Applications/of_v0.9.8_osx_release/addons/ofxTktrPerformanceTuning/src/ofxTktrPerformanceTuningScoped.h; sourceTree = SOURCE_ROOT; };
		861324F3A0B96C22A46EDCF9 /* hb-ft.h */ = {isa = PBXFileReference; explicitFileType = sourcecode.c.h; fileEncoding = 30; name = "hb-ft.h"; path = "../../../../../Applications/of_v0.9.8_osx_release/addons/ofxTrueTypeFontUL2/libs/harfbuzz/include/hb-ft.h"; sourceTree = SOURCE_ROOT; };
		86D54043273B43BAEF0935F9 /* hb-deprecated.h */ = {isa = PBXFileReference; explicitFileType = sourcecode.c.h; fileEncoding = 30; name = "hb-deprecated.h"; path = "../../../../../Applications/of_v0.9.8_osx_release/addons/ofxTrueTypeFontUL2/libs/harfbuzz/include/hb-deprecated.h"; sourceTree = SOURCE_ROOT; };
		8750256EF8F6C74EA67A6391 /* Importer.hpp */ = {isa = PBXFileReference; explicitFileType = sourcecode.c.h; fileEncoding = 30; name = Importer.hpp; path = ../../../../../Applications/of_v0.9.8_osx_release/addons/ofxAssimpModelLoader/libs/assimp/include/assimp/Importer.hpp; sourceTree = SOURCE_ROOT; };
		8D73AFC6BCA84198B0CADB4B /* hb-ot-tag.h */ = {isa = PBXFileReference; explicitFileType = sourcecode.c.h; fileEncoding = 30; name = "hb-ot-tag.h"; path = "../../../../../Applications/of_v0.9.8_osx_release/addons/ofxTrueTypeFontUL2/libs/harfbuzz/include/hb-ot-tag.h"; sourceTree = SOURCE_ROOT; };
		8DE23964B3C432317A07AD05 /* cfileio.h */ = {isa = PBXFileReference; explicitFileType = sourcecode.c.h; fileEncoding = 30; name = cfileio.h; path = ../../../../../Applications/of_v0.9.8_osx_release/addons/ofxAssimpModelLoader/libs/assimp/include/assimp/cfileio.h; sourceTree = SOURCE_ROOT; };
		8DFDFB5227265201C9D42303 /* vector3.h */ = {isa = PBXFileReference; explicitFileType = sourcecode.c.h; fileEncoding = 30; name = vector3.h; path = ../../../../../Applications/of_v0.9.8_osx_release/addons/ofxAssimpModelLoader/libs/assimp/include/assimp/vector3.h; sourceTree = SOURCE_ROOT; };
		8EDA06425DB9E1B2EF10861E /* boxMake.hpp */ = {isa = PBXFileReference; explicitFileType = sourcecode.c.h; fileEncoding = 30; name = boxMake.hpp; path = src/boxMake.hpp; sourceTree = SOURCE_ROOT; };
		90C0223CD5FD0D04D35A0917 /* ofxOscReceiver.cpp */ = {isa = PBXFileReference; explicitFileType = sourcecode.cpp.cpp; fileEncoding = 30; name = ofxOscReceiver.cpp; path = ../../../../../Applications/of_v0.9.8_osx_release/addons/ofxOsc/src/ofxOscReceiver.cpp; sourceTree = SOURCE_ROOT; };
		926665D51054F1CA70BC8688 /* hb-face.h */ = {isa = PBXFileReference; explicitFileType = sourcecode.c.h; fileEncoding = 30; name = "hb-face.h"; path = "../../../../../Applications/of_v0.9.8_osx_release/addons/ofxTrueTypeFontUL2/libs/harfbuzz/include/hb-face.h"; sourceTree = SOURCE_ROOT; };
		93CE98C214FF0CFEB0A81803 /* hb-unicode.h */ = {isa = PBXFileReference; explicitFileType = sourcecode.c.h; fileEncoding = 30; name = "hb-unicode.h"; path = "../../../../../Applications/of_v0.9.8_osx_release/addons/ofxTrueTypeFontUL2/libs/harfbuzz/include/hb-unicode.h"; sourceTree = SOURCE_ROOT; };
		99DC378B03E2A9081E0AE778 /* ofxSyphon.h */ = {isa = PBXFileReference; explicitFileType = sourcecode.c.h; fileEncoding = 30; name = ofxSyphon.h; path = ../../../../../Applications/of_v0.9.8_osx_release/addons/ofxSyphon/src/ofxSyphon.h; sourceTree = SOURCE_ROOT; };
		9EE6F9D0420BE29F5FA951E1 /* OscOutboundPacketStream.cpp */ = {isa = PBXFileReference; explicitFileType = sourcecode.cpp.cpp; fileEncoding = 30; name = OscOutboundPacketStream.cpp; path = ../../../../../Applications/of_v0.9.8_osx_release/addons/ofxOsc/libs/oscpack/src/osc/OscOutboundPacketStream.cpp; sourceTree = SOURCE_ROOT; };
		A08CB326B6120C30AAE1A288 /* OscReceivedElements.h */ = {isa = PBXFileReference; explicitFileType = sourcecode.c.h; fileEncoding = 30; name = OscReceivedElements.h; path = ../../../../../Applications/of_v0.9.8_osx_release/addons/ofxOsc/libs/oscpack/src/osc/OscReceivedElements.h; sourceTree = SOURCE_ROOT; };
		AA27175F9A20460E2226F629 /* hb-version.h */ = {isa = PBXFileReference; explicitFileType = sourcecode.c.h; fileEncoding = 30; name = "hb-version.h"; path = "../../../../../Applications/of_v0.9.8_osx_release/addons/ofxTrueTypeFontUL2/libs/harfbuzz/include/hb-version.h"; sourceTree = SOURCE_ROOT; };
		AD73082E0F53A315647AE1B8 /* NetworkingUtils.cpp */ = {isa = PBXFileReference; explicitFileType = sourcecode.cpp.cpp; fileEncoding = 30; name = NetworkingUtils.cpp; path = ../../../../../Applications/of_v0.9.8_osx_release/addons/ofxOsc/libs/oscpack/src/ip/posix/NetworkingUtils.cpp; sourceTree = SOURCE_ROOT; };
		B5E7F53829E93BEA59939003 /* ofxSyphonServer.h */ = {isa = PBXFileReference; explicitFileType = sourcecode.c.h; fileEncoding = 30; name = ofxSyphonServer.h; path = ../../../../../Applications/of_v0.9.8_osx_release/addons/ofxSyphon/src/ofxSyphonServer.h; sourceTree = SOURCE_ROOT; };
		BC655F64DDD66E78F8A65E4B /* GL_Measurement.h */ = {isa = PBXFileReference; explicitFileType = sourcecode.c.h; fileEncoding = 30; name = GL_Measurement.h; path = ../../../../../Applications/of_v0.9.8_osx_release/addons/ofxTktrPerformanceTuning/src/GL_Measurement.h; sourceTree = SOURCE_ROOT; };
		BD6C90DAA8DCE5455150B60A /* ofxTrueTypeFontUL2.cpp */ = {isa = PBXFileReference; explicitFileType = sourcecode.cpp.cpp; fileEncoding = 30; name = ofxTrueTypeFontUL2.cpp; path = ../../../../../Applications/of_v0.9.8_osx_release/addons/ofxTrueTypeFontUL2/src/ofxTrueTypeFontUL2.cpp; sourceTree = SOURCE_ROOT; };
		BE472A6745CBCD29A07F9CE5 /* ofxOscArg.h */ = {isa = PBXFileReference; explicitFileType = sourcecode.c.h; fileEncoding = 30; name = ofxOscArg.h; path = ../../../../../Applications/of_v0.9.8_osx_release/addons/ofxOsc/src/ofxOscArg.h; sourceTree = SOURCE_ROOT; };
		BF326AD03E698C1845CD2A7A /* LogStream.hpp */ = {isa = PBXFileReference; explicitFileType = sourcecode.c.h; fileEncoding = 30; name = LogStream.hpp; path = ../../../../../Applications/of_v0.9.8_osx_release/addons/ofxAssimpModelLoader/libs/assimp/include/assimp/LogStream.hpp; sourceTree = SOURCE_ROOT; };
		C0684ED7A686A4FB4A9D809A /* vector2.h */ = {isa = PBXFileReference; explicitFileType = sourcecode.c.h; fileEncoding = 30; name = vector2.h; path = ../../../../../Applications/of_v0.9.8_osx_release/addons/ofxAssimpModelLoader/libs/assimp/include/assimp/vector2.h; sourceTree = SOURCE_ROOT; };
		C08E8B66B1AC2AA36C67A709 /* ofxSyphonServerDirectory.h */ = {isa = PBXFileReference; explicitFileType = sourcecode.c.h; fileEncoding = 30; name = ofxSyphonServerDirectory.h; path = ../../../../../Applications/of_v0.9.8_osx_release/addons/ofxSyphon/src/ofxSyphonServerDirectory.h; sourceTree = SOURCE_ROOT; };
		C200DB1FBF043256DD593FCC /* hb-font.h */ = {isa = PBXFileReference; explicitFileType = sourcecode.c.h; fileEncoding = 30; name = "hb-font.h"; path = "../../../../../Applications/of_v0.9.8_osx_release/addons/ofxTrueTypeFontUL2/libs/harfbuzz/include/hb-font.h"; sourceTree = SOURCE_ROOT; };
		C400059A0F2EB177BA179111 /* material.h */ = {isa = PBXFileReference; explicitFileType = sourcecode.c.h; fileEncoding = 30; name = material.h; path = ../../../../../Applications/of_v0.9.8_osx_release/addons/ofxAssimpModelLoader/libs/assimp/include/assimp/material.h; sourceTree = SOURCE_ROOT; };
		C702DE067DB0A90283B03D91 /* IpEndpointName.cpp */ = {isa = PBXFileReference; explicitFileType = sourcecode.cpp.cpp; fileEncoding = 30; name = IpEndpointName.cpp; path = ../../../../../Applications/of_v0.9.8_osx_release/addons/ofxOsc/libs/oscpack/src/ip/IpEndpointName.cpp; sourceTree = SOURCE_ROOT; };
		C799971A8E41D02F48574927 /* ProgressHandler.hpp */ = {isa = PBXFileReference; explicitFileType = sourcecode.c.h; fileEncoding = 30; name = ProgressHandler.hpp; path = ../../../../../Applications/of_v0.9.8_osx_release/addons/ofxAssimpModelLoader/libs/assimp/include/assimp/ProgressHandler.hpp; sourceTree = SOURCE_ROOT; };
		C9B55431CB6BEDB9945A5D3C /* hb-shape-plan.h */ = {isa = PBXFileReference; explicitFileType = sourcecode.c.h; fileEncoding = 30; name = "hb-shape-plan.h"; path = "../../../../../Applications/of_v0.9.8_osx_release/addons/ofxTrueTypeFontUL2/libs/harfbuzz/include/hb-shape-plan.h"; sourceTree = SOURCE_ROOT; };
		C9F2771FFBE3F3765AFA1C46 /* DefaultLogger.hpp */ = {isa = PBXFileReference; explicitFileType = sourcecode.c.h; fileEncoding = 30; name = DefaultLogger.hpp; path = ../../../../../Applications/of_v0.9.8_osx_release/addons/ofxAssimpModelLoader/libs/assimp/include/assimp/DefaultLogger.hpp; sourceTree = SOURCE_ROOT; };
		CE433D8B02E4FD7DCA34535D /* UdpSocket.h */ = {isa = PBXFileReference; explicitFileType = sourcecode.c.h; fileEncoding = 30; name = UdpSocket.h; path = ../../../../../Applications/of_v0.9.8_osx_release/addons/ofxOsc/libs/oscpack/src/ip/UdpSocket.h; sourceTree = SOURCE_ROOT; };
		CE5470B1168C555393BEDFB7 /* NetworkingUtils.h */ = {isa = PBXFileReference; explicitFileType = sourcecode.c.h; fileEncoding = 30; name = NetworkingUtils.h; path = ../../../../../Applications/of_v0.9.8_osx_release/addons/ofxOsc/libs/oscpack/src/ip/NetworkingUtils.h; sourceTree = SOURCE_ROOT; };
		CE88DD9B5E8C3B28185D7B70 /* anim.h */ = {isa = PBXFileReference; explicitFileType = sourcecode.c.h; fileEncoding = 30; name = anim.h; path = ../../../../../Applications/of_v0.9.8_osx_release/addons/ofxAssimpModelLoader/libs/assimp/include/assimp/anim.h; sourceTree = SOURCE_ROOT; };
		D06F74196335A1266FB6EC5D /* OscException.h */ = {isa = PBXFileReference; explicitFileType = sourcecode.c.h; fileEncoding = 30; name = OscException.h; path = ../../../../../Applications/of_v0.9.8_osx_release/addons/ofxOsc/libs/oscpack/src/osc/OscException.h; sourceTree = SOURCE_ROOT; };
		D1448D68DCC44531A3579B02 /* PacketListener.h */ = {isa = PBXFileReference; explicitFileType = sourcecode.c.h; fileEncoding = 30; name = PacketListener.h; path = ../../../../../Applications/of_v0.9.8_osx_release/addons/ofxOsc/libs/oscpack/src/ip/PacketListener.h; sourceTree = SOURCE_ROOT; };
		D58DCB2C0AEFDE6171E29540 /* Syphon.framework */ = {isa = PBXFileReference; lastKnownFileType = wrapper.framework; name = Syphon.framework; path = ../../../../../Applications/of_v0.9.8_osx_release/addons/ofxSyphon/libs/Syphon/lib/osx/Syphon.framework; sourceTree = "<group>"; };
		D795679161F59B188ACB7556 /* Logger.hpp */ = {isa = PBXFileReference; explicitFileType = sourcecode.c.h; fileEncoding = 30; name = Logger.hpp; path = ../../../../../Applications/of_v0.9.8_osx_release/addons/ofxAssimpModelLoader/libs/assimp/include/assimp/Logger.hpp; sourceTree = SOURCE_ROOT; };
		DC2B3D0B47ED353EC18E7580 /* pushpack1.h */ = {isa = PBXFileReference; explicitFileType = sourcecode.c.h; fileEncoding = 30; name = pushpack1.h; path = ../../../../../Applications/of_v0.9.8_osx_release/addons/ofxAssimpModelLoader/libs/assimp/include/assimp/Compiler/pushpack1.h; sourceTree = SOURCE_ROOT; };
		DDD27149090F570B18C87DF6 /* polylineBrush.cpp */ = {isa = PBXFileReference; explicitFileType = sourcecode.cpp.cpp; fileEncoding = 30; name = polylineBrush.cpp; path = src/polylineBrush.cpp; sourceTree = SOURCE_ROOT; };
		E0D556D5B33B85E33026E56D /* ofxAssimpTexture.cpp */ = {isa = PBXFileReference; explicitFileType = sourcecode.cpp.cpp; fileEncoding = 30; name = ofxAssimpTexture.cpp; path = ../../../../../Applications/of_v0.9.8_osx_release/addons/ofxAssimpModelLoader/src/ofxAssimpTexture.cpp; sourceTree = SOURCE_ROOT; };
		E158786BFD7A35E4435D576C /* ofxAssimpAnimation.h */ = {isa = PBXFileReference; explicitFileType = sourcecode.c.h; fileEncoding = 30; name = ofxAssimpAnimation.h; path = ../../../../../Applications/of_v0.9.8_osx_release/addons/ofxAssimpModelLoader/src/ofxAssimpAnimation.h; sourceTree = SOURCE_ROOT; };
		E2B8B2209F71E56F781A8529 /* OscTypes.cpp */ = {isa = PBXFileReference; explicitFileType = sourcecode.cpp.cpp; fileEncoding = 30; name = OscTypes.cpp; path = ../../../../../Applications/of_v0.9.8_osx_release/addons/ofxOsc/libs/oscpack/src/osc/OscTypes.cpp; sourceTree = SOURCE_ROOT; };
		E317A0C490F3A8CA7C416804 /* types.h */ = {isa = PBXFileReference; explicitFileType = sourcecode.c.h; fileEncoding = 30; name = types.h; path = ../../../../../Applications/of_v0.9.8_osx_release/addons/ofxAssimpModelLoader/libs/assimp/include/assimp/types.h; sourceTree = SOURCE_ROOT; };
		E37AABC102DE7E6D95A126AB /* mesh.h */ = {isa = PBXFileReference; explicitFileType = sourcecode.c.h; fileEncoding = 30; name = mesh.h; path = ../../../../../Applications/of_v0.9.8_osx_release/addons/ofxAssimpModelLoader/libs/assimp/include/assimp/mesh.h; sourceTree = SOURCE_ROOT; };
		E40E0F7B92EF18E93CD1EF2C /* quaternion.h */ = {isa = PBXFileReference; explicitFileType = sourcecode.c.h; fileEncoding = 30; name = quaternion.h; path = ../../../../../Applications/of_v0.9.8_osx_release/addons/ofxAssimpModelLoader/libs/assimp/include/assimp/quaternion.h; sourceTree = SOURCE_ROOT; };
		E4328143138ABC890047C5CB /* openFrameworksLib.xcodeproj */ = {isa = PBXFileReference; lastKnownFileType = "wrapper.pb-project"; name = openFrameworksLib.xcodeproj; path = ../../../../../Applications/of_v0.9.8_osx_release/libs/openFrameworksCompiled/project/osx/openFrameworksLib.xcodeproj; sourceTree = SOURCE_ROOT; };
		E4B69B5B0A3A1756003C02F2 /* e-motion_Debug.app */ = {isa = PBXFileReference; explicitFileType = wrapper.application; includeInIndex = 0; path = "e-motion_Debug.app"; sourceTree = BUILT_PRODUCTS_DIR; };
		E4B69E1D0A3A1BDC003C02F2 /* main.cpp */ = {isa = PBXFileReference; fileEncoding = 30; lastKnownFileType = sourcecode.cpp.cpp; name = main.cpp; path = src/main.cpp; sourceTree = SOURCE_ROOT; };
		E4B69E1E0A3A1BDC003C02F2 /* ofApp.cpp */ = {isa = PBXFileReference; explicitFileType = sourcecode.cpp.cpp; fileEncoding = 30; name = ofApp.cpp; path = src/ofApp.cpp; sourceTree = SOURCE_ROOT; };
		E4B69E1F0A3A1BDC003C02F2 /* ofApp.h */ = {isa = PBXFileReference; fileEncoding = 30; lastKnownFileType = sourcecode.c.h; name = ofApp.h; path = src/ofApp.h; sourceTree = SOURCE_ROOT; };
		E4B6FCAD0C3E899E008CF71C /* openFrameworks-Info.plist */ = {isa = PBXFileReference; fileEncoding = 30; lastKnownFileType = text.plist.xml; path = "openFrameworks-Info.plist"; sourceTree = "<group>"; };
		E4EB691F138AFCF100A09F29 /* CoreOF.xcconfig */ = {isa = PBXFileReference; fileEncoding = 4; lastKnownFileType = text.xcconfig; name = CoreOF.xcconfig; path = ../../../../../Applications/of_v0.9.8_osx_release/libs/openFrameworksCompiled/project/osx/CoreOF.xcconfig; sourceTree = SOURCE_ROOT; };
		E4EB6923138AFD0F00A09F29 /* Project.xcconfig */ = {isa = PBXFileReference; fileEncoding = 4; lastKnownFileType = text.xcconfig; path = Project.xcconfig; sourceTree = "<group>"; };
		E52FB562B01D0660E5CB7E38 /* IOSystem.hpp */ = {isa = PBXFileReference; explicitFileType = sourcecode.c.h; fileEncoding = 30; name = IOSystem.hpp; path = ../../../../../Applications/of_v0.9.8_osx_release/addons/ofxAssimpModelLoader/libs/assimp/include/assimp/IOSystem.hpp; sourceTree = SOURCE_ROOT; };
		EBC06EC1240BA2B6DD6C5852 /* OscPacketListener.h */ = {isa = PBXFileReference; explicitFileType = sourcecode.c.h; fileEncoding = 30; name = OscPacketListener.h; path = ../../../../../Applications/of_v0.9.8_osx_release/addons/ofxOsc/libs/oscpack/src/osc/OscPacketListener.h; sourceTree = SOURCE_ROOT; };
		EBE95F11341C88CEF758740F /* ofxSyphonClient.h */ = {isa = PBXFileReference; explicitFileType = sourcecode.c.h; fileEncoding = 30; name = ofxSyphonClient.h; path = ../../../../../Applications/of_v0.9.8_osx_release/addons/ofxSyphon/src/ofxSyphonClient.h; sourceTree = SOURCE_ROOT; };
		EC9DF2158803FEBFBB807AAF /* hb-buffer.h */ = {isa = PBXFileReference; explicitFileType = sourcecode.c.h; fileEncoding = 30; name = "hb-buffer.h"; path = "../../../../../Applications/of_v0.9.8_osx_release/addons/ofxTrueTypeFontUL2/libs/harfbuzz/include/hb-buffer.h"; sourceTree = SOURCE_ROOT; };
		ED767E443A7B753F89CB3C53 /* color4.h */ = {isa = PBXFileReference; explicitFileType = sourcecode.c.h; fileEncoding = 30; name = color4.h; path = ../../../../../Applications/of_v0.9.8_osx_release/addons/ofxAssimpModelLoader/libs/assimp/include/assimp/color4.h; sourceTree = SOURCE_ROOT; };
		EE08CE290F40FAEDA0388378 /* SyphonNameboundClient.h */ = {isa = PBXFileReference; explicitFileType = sourcecode.c.h; fileEncoding = 30; name = SyphonNameboundClient.h; path = ../../../../../Applications/of_v0.9.8_osx_release/addons/ofxSyphon/libs/Syphon/src/SyphonNameboundClient.h; sourceTree = SOURCE_ROOT; };
		EE2524D761B4DB1AD39D2E83 /* SyphonNameboundClient.m */ = {isa = PBXFileReference; explicitFileType = sourcecode.cpp.objcpp; fileEncoding = 30; name = SyphonNameboundClient.m; path = ../../../../../Applications/of_v0.9.8_osx_release/addons/ofxSyphon/libs/Syphon/src/SyphonNameboundClient.m; sourceTree = SOURCE_ROOT; };
		EE5861708A834E18494B4852 /* OscPrintReceivedElements.cpp */ = {isa = PBXFileReference; explicitFileType = sourcecode.cpp.cpp; fileEncoding = 30; name = OscPrintReceivedElements.cpp; path = ../../../../../Applications/of_v0.9.8_osx_release/addons/ofxOsc/libs/oscpack/src/osc/OscPrintReceivedElements.cpp; sourceTree = SOURCE_ROOT; };
		F4CB56E0AEE1A581B71C86AC /* OscHostEndianness.h */ = {isa = PBXFileReference; explicitFileType = sourcecode.c.h; fileEncoding = 30; name = OscHostEndianness.h; path = ../../../../../Applications/of_v0.9.8_osx_release/addons/ofxOsc/libs/oscpack/src/osc/OscHostEndianness.h; sourceTree = SOURCE_ROOT; };
		F4E7C93B3E953E4697657537 /* ofxOscParameterSync.h */ = {isa = PBXFileReference; explicitFileType = sourcecode.c.h; fileEncoding = 30; name = ofxOscParameterSync.h; path = ../../../../../Applications/of_v0.9.8_osx_release/addons/ofxOsc/src/ofxOscParameterSync.h; sourceTree = SOURCE_ROOT; };
		F62D487A244F83F45B0C1FFE /* light.h */ = {isa = PBXFileReference; explicitFileType = sourcecode.c.h; fileEncoding = 30; name = light.h; path = ../../../../../Applications/of_v0.9.8_osx_release/addons/ofxAssimpModelLoader/libs/assimp/include/assimp/light.h; sourceTree = SOURCE_ROOT; };
		FEF90443E4181F8797B75163 /* metadata.h */ = {isa = PBXFileReference; explicitFileType = sourcecode.c.h; fileEncoding = 30; name = metadata.h; path = ../../../../../Applications/of_v0.9.8_osx_release/addons/ofxAssimpModelLoader/libs/assimp/include/assimp/metadata.h; sourceTree = SOURCE_ROOT; };
/* End PBXFileReference section */

/* Begin PBXFrameworksBuildPhase section */
		E4B69B590A3A1756003C02F2 /* Frameworks */ = {
			isa = PBXFrameworksBuildPhase;
			buildActionMask = 2147483647;
			files = (
				E4328149138ABC9F0047C5CB /* openFrameworksDebug.a in Frameworks */,
				E1A3FD40C8BCD507345F1126 /* Syphon.framework in Frameworks */,
			);
			runOnlyForDeploymentPostprocessing = 0;
		};
/* End PBXFrameworksBuildPhase section */

/* Begin PBXGroup section */
		08F0DBE627E14F259267379F /* ofxTrueTypeFontUL2 */ = {
			isa = PBXGroup;
			children = (
				C1A328B6453070B506A9223B /* src */,
				F6F986533CF4AF214C8AA421 /* libs */,
			);
			name = ofxTrueTypeFontUL2;
			sourceTree = "<group>";
		};
		2317994671CD76BBA16927B8 /* libs */ = {
			isa = PBXGroup;
			children = (
				65F3085962B3A8825746C3C2 /* Syphon */,
			);
			name = libs;
			sourceTree = "<group>";
		};
		2C8F245ACBE61E28646C17F2 /* ofxAssimpModelLoader */ = {
			isa = PBXGroup;
			children = (
				9D99F547CA5C0ECCB9EB9806 /* src */,
				C721A9AF1157766AFE54645E /* libs */,
			);
			name = ofxAssimpModelLoader;
			sourceTree = "<group>";
		};
		2EB437518976A1C9E0B56520 /* src */ = {
			isa = PBXGroup;
			children = (
				61473AA551A1E0C725F92C7C /* ofxTktrPerformanceTuning.h */,
				7DAE5DCF275830C6410C2FEB /* ofxTktrPerformanceTuningMacros.h */,
				BC655F64DDD66E78F8A65E4B /* GL_Measurement.h */,
				81A20FA18CC7B210EB1987A3 /* ofxTktrPerformanceTuningScoped.h */,
				4D37D96CF59694132C6A2ACB /* ofxTktrPerformanceTuning.cpp */,
			);
			name = src;
			sourceTree = "<group>";
		};
		30CB364908817057B430D528 /* osc */ = {
			isa = PBXGroup;
			children = (
				9EE6F9D0420BE29F5FA951E1 /* OscOutboundPacketStream.cpp */,
				EBC06EC1240BA2B6DD6C5852 /* OscPacketListener.h */,
				E2B8B2209F71E56F781A8529 /* OscTypes.cpp */,
				000F0D02D255591A837330FA /* OscPrintReceivedElements.h */,
				787DE0DEC64E99E21475C11A /* MessageMappingOscPacketListener.h */,
				F4CB56E0AEE1A581B71C86AC /* OscHostEndianness.h */,
				D06F74196335A1266FB6EC5D /* OscException.h */,
				634E92E5E0C66540CC16879D /* OscOutboundPacketStream.h */,
				0A29B67E71DE014B55A52050 /* OscReceivedElements.cpp */,
				EE5861708A834E18494B4852 /* OscPrintReceivedElements.cpp */,
				A08CB326B6120C30AAE1A288 /* OscReceivedElements.h */,
				2B5CE4B6E0B4A0B09DE52E8A /* OscTypes.h */,
			);
			name = osc;
			sourceTree = "<group>";
		};
		36DF7875E3DFC3A51FD886CE /* include */ = {
			isa = PBXGroup;
			children = (
				EC9DF2158803FEBFBB807AAF /* hb-buffer.h */,
				44735561598803649181A22D /* hb-set.h */,
				926665D51054F1CA70BC8688 /* hb-face.h */,
				5B3504EB84F3662132984E28 /* hb-common.h */,
				AA27175F9A20460E2226F629 /* hb-version.h */,
				C200DB1FBF043256DD593FCC /* hb-font.h */,
				8D73AFC6BCA84198B0CADB4B /* hb-ot-tag.h */,
				86D54043273B43BAEF0935F9 /* hb-deprecated.h */,
				519AE99A75E98AD0238F384A /* hb-ot.h */,
				41752E233B70F0C80BCB44E7 /* hb-ot-layout.h */,
				6749E1855F63346526CAE110 /* hb-shape.h */,
				C9B55431CB6BEDB9945A5D3C /* hb-shape-plan.h */,
				93CE98C214FF0CFEB0A81803 /* hb-unicode.h */,
				53BB931737FD935ACCFEFD63 /* hb-blob.h */,
				392F7E82A8A17342516D31CA /* hb.h */,
				80AC5C78298DFF4020BE7C55 /* hb-glib.h */,
				861324F3A0B96C22A46EDCF9 /* hb-ft.h */,
			);
			name = include;
			sourceTree = "<group>";
		};
		38871A5825686AE018EC2BF0 /* libs */ = {
			isa = PBXGroup;
			children = (
				86D2677079A3AF4A5A88E29A /* oscpack */,
			);
			name = libs;
			sourceTree = "<group>";
		};
		398D2AD7D162CE13BF40CD4F /* lib */ = {
			isa = PBXGroup;
			children = (
				821159A073ABA066739FD401 /* osx */,
			);
			name = lib;
			sourceTree = "<group>";
		};
		49A9E39C52C2DF4DDA1E185F /* src */ = {
			isa = PBXGroup;
			children = (
				99DC378B03E2A9081E0AE778 /* ofxSyphon.h */,
				397FC3AE11974972FF0ABE2D /* ofxSyphonServer.mm */,
				B5E7F53829E93BEA59939003 /* ofxSyphonServer.h */,
				3C4C2CA4900E49AA60434838 /* ofxSyphonClient.mm */,
				0644883E7A9F44D9E84162F9 /* ofxSyphonServerDirectory.mm */,
				EBE95F11341C88CEF758740F /* ofxSyphonClient.h */,
				C08E8B66B1AC2AA36C67A709 /* ofxSyphonServerDirectory.h */,
			);
			name = src;
			sourceTree = "<group>";
		};
		50EAFB5FF7C5722E7B4895C7 /* src */ = {
			isa = PBXGroup;
			children = (
				EE2524D761B4DB1AD39D2E83 /* SyphonNameboundClient.m */,
				EE08CE290F40FAEDA0388378 /* SyphonNameboundClient.h */,
			);
			name = src;
			sourceTree = "<group>";
		};
		59905D957FDE48902CF1F729 /* assimp */ = {
			isa = PBXGroup;
			children = (
				EEFDD7AE0009AE6F77EF2A93 /* include */,
			);
			name = assimp;
			sourceTree = "<group>";
		};
		641362CA659FAFEE4E81001B /* posix */ = {
			isa = PBXGroup;
			children = (
				AD73082E0F53A315647AE1B8 /* NetworkingUtils.cpp */,
				04C54714614582DE185E49EB /* UdpSocket.cpp */,
			);
			name = posix;
			sourceTree = "<group>";
		};
		65F3085962B3A8825746C3C2 /* Syphon */ = {
			isa = PBXGroup;
			children = (
				50EAFB5FF7C5722E7B4895C7 /* src */,
				398D2AD7D162CE13BF40CD4F /* lib */,
			);
			name = Syphon;
			sourceTree = "<group>";
		};
		67AD613537D3ED7FD883659E /* assimp */ = {
			isa = PBXGroup;
			children = (
				E52FB562B01D0660E5CB7E38 /* IOSystem.hpp */,
				D795679161F59B188ACB7556 /* Logger.hpp */,
				36E2FD75F4A5FB1D778C27C1 /* IOStream.hpp */,
				3FB54077D1F6FFC22D694277 /* defs.h */,
				1BC68CB8079B5C7FEF2D8C6F /* version.h */,
				542601BA3747BDE06D1DDA75 /* matrix4x4.h */,
				8750256EF8F6C74EA67A6391 /* Importer.hpp */,
				8DE23964B3C432317A07AD05 /* cfileio.h */,
				C0684ED7A686A4FB4A9D809A /* vector2.h */,
				563F5246343189206C754D82 /* config.h */,
				F62D487A244F83F45B0C1FFE /* light.h */,
				E317A0C490F3A8CA7C416804 /* types.h */,
				6AB6E8EDF881F35A526273D5 /* cimport.h */,
				7343880589CEA180ED23BF1C /* camera.h */,
				59DDC1D97D4424F962A9291E /* matrix3x3.h */,
				C400059A0F2EB177BA179111 /* material.h */,
				1DEA1793C4DAB687A64EFFBA /* ai_assert.h */,
				187B8079E1D2ACCE400A1A2C /* NullLogger.hpp */,
				E40E0F7B92EF18E93CD1EF2C /* quaternion.h */,
				C9F2771FFBE3F3765AFA1C46 /* DefaultLogger.hpp */,
				FEF90443E4181F8797B75163 /* metadata.h */,
				E37AABC102DE7E6D95A126AB /* mesh.h */,
				4EAF0CC27BD77C3D7626E6BE /* Exporter.hpp */,
				C799971A8E41D02F48574927 /* ProgressHandler.hpp */,
				64FE00B0C222CA8AB5D636CB /* cexport.h */,
				ED767E443A7B753F89CB3C53 /* color4.h */,
				CE88DD9B5E8C3B28185D7B70 /* anim.h */,
				3E78BE773CF2124EBD751786 /* postprocess.h */,
				72B0AC234323F2DEDB73153E /* texture.h */,
				435DADFC45685FA0A59EFC34 /* importerdesc.h */,
				B77F1220F7C30BFF6034CC97 /* Compiler */,
				8DFDFB5227265201C9D42303 /* vector3.h */,
				143ACCC3A9EC9C63423AA380 /* scene.h */,
				BF326AD03E698C1845CD2A7A /* LogStream.hpp */,
			);
			name = assimp;
			sourceTree = "<group>";
		};
		6948EE371B920CB800B5AC1A /* local_addons */ = {
			isa = PBXGroup;
			children = (
			);
			name = local_addons;
			sourceTree = "<group>";
		};
		7F3C04577424427D348B1425 /* ofxSyphon */ = {
			isa = PBXGroup;
			children = (
				49A9E39C52C2DF4DDA1E185F /* src */,
				2317994671CD76BBA16927B8 /* libs */,
			);
			name = ofxSyphon;
			sourceTree = "<group>";
		};
		821159A073ABA066739FD401 /* osx */ = {
			isa = PBXGroup;
			children = (
				D58DCB2C0AEFDE6171E29540 /* Syphon.framework */,
			);
			name = osx;
			sourceTree = "<group>";
		};
		86D2677079A3AF4A5A88E29A /* oscpack */ = {
			isa = PBXGroup;
			children = (
				D27B2221A225CA523C019676 /* src */,
			);
			name = oscpack;
			sourceTree = "<group>";
		};
		9D99F547CA5C0ECCB9EB9806 /* src */ = {
			isa = PBXGroup;
			children = (
				34D6C84CD34B0E73D15B8EF0 /* ofxAssimpMeshHelper.cpp */,
				E158786BFD7A35E4435D576C /* ofxAssimpAnimation.h */,
				0D5AB76E5B2731F24F4D4185 /* ofxAssimpAnimation.cpp */,
				E0D556D5B33B85E33026E56D /* ofxAssimpTexture.cpp */,
				0DC81127CA5C6FE477818F7A /* ofxAssimpTexture.h */,
				6AA736929AA49EE98021C72B /* ofxAssimpModelLoader.cpp */,
				1228D84A6F4434AF730E5795 /* ofxAssimpMeshHelper.h */,
				11802E35F47A0E744C906AA4 /* ofxAssimpUtils.h */,
				5040B09EF14BA1FA1638DC83 /* ofxAssimpModelLoader.h */,
			);
			name = src;
			sourceTree = "<group>";
		};
		B77F1220F7C30BFF6034CC97 /* Compiler */ = {
			isa = PBXGroup;
			children = (
				7AFFBDCC182B3C0C209296E0 /* poppack1.h */,
				0AAFF56D5A76B5BDE9217968 /* pstdint.h */,
				DC2B3D0B47ED353EC18E7580 /* pushpack1.h */,
			);
			name = Compiler;
			sourceTree = "<group>";
		};
		B93B25C4A5FD5D7BA19053D9 /* harfbuzz */ = {
			isa = PBXGroup;
			children = (
				36DF7875E3DFC3A51FD886CE /* include */,
			);
			name = harfbuzz;
			sourceTree = "<group>";
		};
		BB4B014C10F69532006C3DED /* addons */ = {
			isa = PBXGroup;
			children = (
				2C8F245ACBE61E28646C17F2 /* ofxAssimpModelLoader */,
				E6053AB7FEC63D5F83825B88 /* ofxOsc */,
				7F3C04577424427D348B1425 /* ofxSyphon */,
				F36302CE9C852E99C9C10C09 /* ofxTktrPerformanceTuning */,
				08F0DBE627E14F259267379F /* ofxTrueTypeFontUL2 */,
			);
			name = addons;
			sourceTree = "<group>";
		};
		BD2F1A9F8D0C05EDB29122D0 /* src */ = {
			isa = PBXGroup;
			children = (
				F4E7C93B3E953E4697657537 /* ofxOscParameterSync.h */,
				7B1033B45271002B1B103617 /* ofxOscParameterSync.cpp */,
				129C9B18744BDDD8760C0358 /* ofxOscMessage.cpp */,
				6C220FD7E7EA6E42A6FD54E0 /* ofxOsc.h */,
				5EF71AC81ABFA63D8EBEEC08 /* ofxOscBundle.cpp */,
				25E5C90BF23B65C70FE62809 /* ofxOscReceiver.h */,
				BE472A6745CBCD29A07F9CE5 /* ofxOscArg.h */,
				90C0223CD5FD0D04D35A0917 /* ofxOscReceiver.cpp */,
				3B607E6515D9FFA813F6B139 /* ofxOscMessage.h */,
				242F3FA6CF8DFC8EDB42560D /* ofxOscBundle.h */,
				3BC79769C1F8B4B9C4317FB9 /* ofxOscSender.cpp */,
				2BDD84B3479AC43ECD906FC6 /* ofxOscSender.h */,
			);
			name = src;
			sourceTree = "<group>";
		};
		C1A328B6453070B506A9223B /* src */ = {
			isa = PBXGroup;
			children = (
				13C5EF5B591E187004842F04 /* ofxTrueTypeFontUL2.h */,
				BD6C90DAA8DCE5455150B60A /* ofxTrueTypeFontUL2.cpp */,
			);
			name = src;
			sourceTree = "<group>";
		};
		C721A9AF1157766AFE54645E /* libs */ = {
			isa = PBXGroup;
			children = (
				59905D957FDE48902CF1F729 /* assimp */,
			);
			name = libs;
			sourceTree = "<group>";
		};
		D27B2221A225CA523C019676 /* src */ = {
			isa = PBXGroup;
			children = (
				30CB364908817057B430D528 /* osc */,
				FF8CDF57858E9B94E3237115 /* ip */,
			);
			name = src;
			sourceTree = "<group>";
		};
		E4328144138ABC890047C5CB /* Products */ = {
			isa = PBXGroup;
			children = (
				E4328148138ABC890047C5CB /* openFrameworksDebug.a */,
			);
			name = Products;
			sourceTree = "<group>";
		};
		E4B69B4A0A3A1720003C02F2 = {
			isa = PBXGroup;
			children = (
				E4B6FCAD0C3E899E008CF71C /* openFrameworks-Info.plist */,
				E4EB6923138AFD0F00A09F29 /* Project.xcconfig */,
				E4B69E1C0A3A1BDC003C02F2 /* src */,
				E4EEC9E9138DF44700A80321 /* openFrameworks */,
				BB4B014C10F69532006C3DED /* addons */,
				6948EE371B920CB800B5AC1A /* local_addons */,
				E4B69B5B0A3A1756003C02F2 /* e-motion_Debug.app */,
			);
			sourceTree = "<group>";
		};
		E4B69E1C0A3A1BDC003C02F2 /* src */ = {
			isa = PBXGroup;
			children = (
				E4B69E1D0A3A1BDC003C02F2 /* main.cpp */,
				E4B69E1E0A3A1BDC003C02F2 /* ofApp.cpp */,
				E4B69E1F0A3A1BDC003C02F2 /* ofApp.h */,
				6C13B5B21EC605A6A1308B28 /* liveSendOsc.cpp */,
				55AAC3262396CD4400AB1AD7 /* liveClientOsc.cpp */,
				55AAC3272396CD4400AB1AD7 /* liveClientOsc.hpp */,
				8EDA06425DB9E1B2EF10861E /* boxMake.hpp */,
				DDD27149090F570B18C87DF6 /* polylineBrush.cpp */,
				1864DAAC504D900CAB16F381 /* boxMake.cpp */,
				7C147EADCE1DF66E67A1E0E4 /* polylineBrush.hpp */,
				1EF07D612C572651819FA9AC /* liveSendOsc.hpp */,
			);
			path = src;
			sourceTree = SOURCE_ROOT;
		};
		E4EEC9E9138DF44700A80321 /* openFrameworks */ = {
			isa = PBXGroup;
			children = (
				E4EB691F138AFCF100A09F29 /* CoreOF.xcconfig */,
				E4328143138ABC890047C5CB /* openFrameworksLib.xcodeproj */,
			);
			name = openFrameworks;
			sourceTree = "<group>";
		};
		E6053AB7FEC63D5F83825B88 /* ofxOsc */ = {
			isa = PBXGroup;
			children = (
				BD2F1A9F8D0C05EDB29122D0 /* src */,
				38871A5825686AE018EC2BF0 /* libs */,
			);
			name = ofxOsc;
			sourceTree = "<group>";
		};
		EEFDD7AE0009AE6F77EF2A93 /* include */ = {
			isa = PBXGroup;
			children = (
				67AD613537D3ED7FD883659E /* assimp */,
			);
			name = include;
			sourceTree = "<group>";
		};
		F36302CE9C852E99C9C10C09 /* ofxTktrPerformanceTuning */ = {
			isa = PBXGroup;
			children = (
				2EB437518976A1C9E0B56520 /* src */,
			);
			name = ofxTktrPerformanceTuning;
			sourceTree = "<group>";
		};
		F6F986533CF4AF214C8AA421 /* libs */ = {
			isa = PBXGroup;
			children = (
				B93B25C4A5FD5D7BA19053D9 /* harfbuzz */,
			);
			name = libs;
			sourceTree = "<group>";
		};
		FF8CDF57858E9B94E3237115 /* ip */ = {
			isa = PBXGroup;
			children = (
				641362CA659FAFEE4E81001B /* posix */,
				CE433D8B02E4FD7DCA34535D /* UdpSocket.h */,
				342B3C380E6AFD1FB72B2734 /* TimerListener.h */,
				D1448D68DCC44531A3579B02 /* PacketListener.h */,
				344939D57C6E49E6C9A70936 /* IpEndpointName.h */,
				C702DE067DB0A90283B03D91 /* IpEndpointName.cpp */,
				CE5470B1168C555393BEDFB7 /* NetworkingUtils.h */,
			);
			name = ip;
			sourceTree = "<group>";
		};
/* End PBXGroup section */

/* Begin PBXNativeTarget section */
		E4B69B5A0A3A1756003C02F2 /* e-motion_ */ = {
			isa = PBXNativeTarget;
			buildConfigurationList = E4B69B5F0A3A1757003C02F2 /* Build configuration list for PBXNativeTarget "e-motion_" */;
			buildPhases = (
				E4B69B580A3A1756003C02F2 /* Sources */,
				E4B69B590A3A1756003C02F2 /* Frameworks */,
				E4B6FFFD0C3F9AB9008CF71C /* ShellScript */,
				E4C2427710CC5ABF004149E2 /* CopyFiles */,
			);
			buildRules = (
			);
			dependencies = (
				E4EEB9AC138B136A00A80321 /* PBXTargetDependency */,
			);
			name = "e-motion_";
			productName = myOFApp;
			productReference = E4B69B5B0A3A1756003C02F2 /* e-motion_Debug.app */;
			productType = "com.apple.product-type.application";
		};
/* End PBXNativeTarget section */

/* Begin PBXProject section */
		E4B69B4C0A3A1720003C02F2 /* Project object */ = {
			isa = PBXProject;
			attributes = {
				LastUpgradeCheck = 0600;
			};
			buildConfigurationList = E4B69B4D0A3A1720003C02F2 /* Build configuration list for PBXProject "e-motion_" */;
			compatibilityVersion = "Xcode 3.2";
			developmentRegion = English;
			hasScannedForEncodings = 0;
			knownRegions = (
				English,
				Japanese,
				French,
				German,
			);
			mainGroup = E4B69B4A0A3A1720003C02F2;
			productRefGroup = E4B69B4A0A3A1720003C02F2;
			projectDirPath = "";
			projectReferences = (
				{
					ProductGroup = E4328144138ABC890047C5CB /* Products */;
					ProjectRef = E4328143138ABC890047C5CB /* openFrameworksLib.xcodeproj */;
				},
			);
			projectRoot = "";
			targets = (
				E4B69B5A0A3A1756003C02F2 /* e-motion_ */,
			);
		};
/* End PBXProject section */

/* Begin PBXReferenceProxy section */
		E4328148138ABC890047C5CB /* openFrameworksDebug.a */ = {
			isa = PBXReferenceProxy;
			fileType = archive.ar;
			path = openFrameworksDebug.a;
			remoteRef = E4328147138ABC890047C5CB /* PBXContainerItemProxy */;
			sourceTree = BUILT_PRODUCTS_DIR;
		};
/* End PBXReferenceProxy section */

/* Begin PBXShellScriptBuildPhase section */
		E4B6FFFD0C3F9AB9008CF71C /* ShellScript */ = {
			isa = PBXShellScriptBuildPhase;
			buildActionMask = 2147483647;
			files = (
			);
			inputPaths = (
			);
			outputPaths = (
			);
			runOnlyForDeploymentPostprocessing = 0;
			shellPath = /bin/sh;
			shellScript = "mkdir -p \"$TARGET_BUILD_DIR/$PRODUCT_NAME.app/Contents/Resources/\"\n# Copy default icon file into App/Resources\nrsync -aved \"$ICON_FILE\" \"$TARGET_BUILD_DIR/$PRODUCT_NAME.app/Contents/Resources/\"\n# Copy libfmod and change install directory for fmod to run\nrsync -aved ../../../../../Applications/of_v0.9.8_osx_release/libs/fmodex/lib/osx/libfmodex.dylib \"$TARGET_BUILD_DIR/$PRODUCT_NAME.app/Contents/Frameworks/\";\ninstall_name_tool -change @executable_path/libfmodex.dylib @executable_path/../Frameworks/libfmodex.dylib \"$TARGET_BUILD_DIR/$PRODUCT_NAME.app/Contents/MacOS/$PRODUCT_NAME\";\n# Copy GLUT framework (must remove for AppStore submissions)\nrsync -aved ../../../../../Applications/of_v0.9.8_osx_release/libs/glut/lib/osx/GLUT.framework \"$TARGET_BUILD_DIR/$PRODUCT_NAME.app/Contents/Frameworks/\"\n";
		};
/* End PBXShellScriptBuildPhase section */

/* Begin PBXSourcesBuildPhase section */
		E4B69B580A3A1756003C02F2 /* Sources */ = {
			isa = PBXSourcesBuildPhase;
			buildActionMask = 2147483647;
			files = (
				E4B69E200A3A1BDC003C02F2 /* main.cpp in Sources */,
				E4B69E210A3A1BDC003C02F2 /* ofApp.cpp in Sources */,
				55AAC3282396CD4400AB1AD7 /* liveClientOsc.cpp in Sources */,
				24813A86948BE90BD4CCC462 /* liveSendOsc.cpp in Sources */,
				93E46C5C831D05CAA96E1E86 /* polylineBrush.cpp in Sources */,
				A1A44EA3D21A15B903D6FE81 /* boxMake.cpp in Sources */,
				9104A1F4E45D9BA233273D96 /* ofxAssimpMeshHelper.cpp in Sources */,
				BE43B96C6E66E5DFD270C7FA /* ofxAssimpAnimation.cpp in Sources */,
				33814105F6A96270AF028D2F /* ofxAssimpTexture.cpp in Sources */,
				7EEBD360D2239FF7E5A734D2 /* ofxAssimpModelLoader.cpp in Sources */,
				AFCBECA1F9A7A08D396AF27D /* ofxOscParameterSync.cpp in Sources */,
				89830898915C2EDDD8238279 /* ofxOscMessage.cpp in Sources */,
				F77B128999594B249D698690 /* ofxOscBundle.cpp in Sources */,
				AA72711A2856ED6CC0D96628 /* ofxOscReceiver.cpp in Sources */,
				62D30AF5E6E55B5069EE578B /* ofxOscSender.cpp in Sources */,
				8360AEF2ADB5B23112F49E41 /* OscOutboundPacketStream.cpp in Sources */,
				A6A78CD9D2693A005C7FB993 /* OscTypes.cpp in Sources */,
				BE730B4FC289C543D15B0338 /* OscReceivedElements.cpp in Sources */,
				2A7921FEB1161965628ACFA8 /* OscPrintReceivedElements.cpp in Sources */,
				74F8700AC51D1515F7C905F3 /* NetworkingUtils.cpp in Sources */,
				DDCF4820641905CBFF94CB02 /* UdpSocket.cpp in Sources */,
				F4E58A2A3C09FD4835E11299 /* IpEndpointName.cpp in Sources */,
				C3C1DD68FC3FFBA248FD0DDC /* ofxSyphonServer.mm in Sources */,
				7BD03513A46AEFF7DF5103D4 /* ofxSyphonClient.mm in Sources */,
				E0E870A093017D5F1DCFD7EB /* ofxSyphonServerDirectory.mm in Sources */,
				77CF46ECF8C4322F32F005BA /* SyphonNameboundClient.m in Sources */,
				56110B19033B64E6B7B700E4 /* ofxTktrPerformanceTuning.cpp in Sources */,
				7DB941727603AC19D136C767 /* ofxTrueTypeFontUL2.cpp in Sources */,
			);
			runOnlyForDeploymentPostprocessing = 0;
		};
/* End PBXSourcesBuildPhase section */

/* Begin PBXTargetDependency section */
		E4EEB9AC138B136A00A80321 /* PBXTargetDependency */ = {
			isa = PBXTargetDependency;
			name = openFrameworks;
			targetProxy = E4EEB9AB138B136A00A80321 /* PBXContainerItemProxy */;
		};
/* End PBXTargetDependency section */

/* Begin XCBuildConfiguration section */
		E4B69B4E0A3A1720003C02F2 /* Debug */ = {
			isa = XCBuildConfiguration;
			baseConfigurationReference = E4EB6923138AFD0F00A09F29 /* Project.xcconfig */;
			buildSettings = {
				CONFIGURATION_BUILD_DIR = "$(SRCROOT)/bin/";
				COPY_PHASE_STRIP = NO;
				DEAD_CODE_STRIPPING = YES;
				GCC_AUTO_VECTORIZATION = YES;
				GCC_ENABLE_SSE3_EXTENSIONS = YES;
				GCC_ENABLE_SUPPLEMENTAL_SSE3_INSTRUCTIONS = YES;
				GCC_INLINES_ARE_PRIVATE_EXTERN = NO;
				GCC_OPTIMIZATION_LEVEL = 0;
				GCC_SYMBOLS_PRIVATE_EXTERN = NO;
				GCC_WARN_ABOUT_DEPRECATED_FUNCTIONS = YES;
				GCC_WARN_ABOUT_INVALID_OFFSETOF_MACRO = NO;
				GCC_WARN_ALLOW_INCOMPLETE_PROTOCOL = NO;
				GCC_WARN_UNINITIALIZED_AUTOS = NO;
				GCC_WARN_UNUSED_VALUE = NO;
				GCC_WARN_UNUSED_VARIABLE = NO;
				HEADER_SEARCH_PATHS = (
					"$(OF_CORE_HEADERS)",
					src,
					../../../../../Applications/of_v0.9.8_osx_release/addons/ofxAssimpModelLoader/libs,
					../../../../../Applications/of_v0.9.8_osx_release/addons/ofxAssimpModelLoader/libs/assimp,
					../../../../../Applications/of_v0.9.8_osx_release/addons/ofxAssimpModelLoader/libs/assimp/include,
					../../../../../Applications/of_v0.9.8_osx_release/addons/ofxAssimpModelLoader/libs/assimp/include/assimp,
					../../../../../Applications/of_v0.9.8_osx_release/addons/ofxAssimpModelLoader/libs/assimp/include/assimp/Compiler,
					../../../../../Applications/of_v0.9.8_osx_release/addons/ofxAssimpModelLoader/libs/assimp/lib,
					../../../../../Applications/of_v0.9.8_osx_release/addons/ofxAssimpModelLoader/libs/assimp/lib/emscripten,
					../../../../../Applications/of_v0.9.8_osx_release/addons/ofxAssimpModelLoader/libs/assimp/lib/osx,
					../../../../../Applications/of_v0.9.8_osx_release/addons/ofxAssimpModelLoader/libs/assimp/license,
					../../../../../Applications/of_v0.9.8_osx_release/addons/ofxAssimpModelLoader/src,
					../../../../../Applications/of_v0.9.8_osx_release/addons/ofxOsc/libs,
					../../../../../Applications/of_v0.9.8_osx_release/addons/ofxOsc/libs/oscpack,
					../../../../../Applications/of_v0.9.8_osx_release/addons/ofxOsc/libs/oscpack/src,
					../../../../../Applications/of_v0.9.8_osx_release/addons/ofxOsc/libs/oscpack/src/ip,
					../../../../../Applications/of_v0.9.8_osx_release/addons/ofxOsc/libs/oscpack/src/ip/posix,
					../../../../../Applications/of_v0.9.8_osx_release/addons/ofxOsc/libs/oscpack/src/ip/win32,
					../../../../../Applications/of_v0.9.8_osx_release/addons/ofxOsc/libs/oscpack/src/osc,
					../../../../../Applications/of_v0.9.8_osx_release/addons/ofxOsc/src,
					../../../../../Applications/of_v0.9.8_osx_release/addons/ofxSyphon/libs,
					../../../../../Applications/of_v0.9.8_osx_release/addons/ofxSyphon/libs/Syphon,
					../../../../../Applications/of_v0.9.8_osx_release/addons/ofxSyphon/libs/Syphon/lib,
					../../../../../Applications/of_v0.9.8_osx_release/addons/ofxSyphon/libs/Syphon/lib/osx,
					../../../../../Applications/of_v0.9.8_osx_release/addons/ofxSyphon/libs/Syphon/src,
					../../../../../Applications/of_v0.9.8_osx_release/addons/ofxSyphon/src,
					../../../../../Applications/of_v0.9.8_osx_release/addons/ofxTktrPerformanceTuning/src,
					../../../../../Applications/of_v0.9.8_osx_release/addons/ofxTrueTypeFontUL2/libs,
					../../../../../Applications/of_v0.9.8_osx_release/addons/ofxTrueTypeFontUL2/libs/harfbuzz,
					../../../../../Applications/of_v0.9.8_osx_release/addons/ofxTrueTypeFontUL2/libs/harfbuzz/include,
					../../../../../Applications/of_v0.9.8_osx_release/addons/ofxTrueTypeFontUL2/libs/harfbuzz/lib,
					../../../../../Applications/of_v0.9.8_osx_release/addons/ofxTrueTypeFontUL2/libs/harfbuzz/lib/osx,
					../../../../../Applications/of_v0.9.8_osx_release/addons/ofxTrueTypeFontUL2/src,
				);
				MACOSX_DEPLOYMENT_TARGET = 10.8;
				ONLY_ACTIVE_ARCH = YES;
				OTHER_CPLUSPLUSFLAGS = (
					"-D__MACOSX_CORE__",
					"-mtune=native",
				);
				OTHER_LDFLAGS = (
					"$(OF_CORE_FRAMEWORKS)",
					"$(OF_CORE_LIBS)",
					../../../../../Applications/of_v0.9.8_osx_release/addons/ofxAssimpModelLoader/libs/assimp/lib/osx/assimp.a,
					../../../../../Applications/of_v0.9.8_osx_release/addons/ofxTrueTypeFontUL2/libs/harfbuzz/lib/osx/libharfbuzz.a,
				);
				SDKROOT = macosx;
			};
			name = Debug;
		};
		E4B69B4F0A3A1720003C02F2 /* Release */ = {
			isa = XCBuildConfiguration;
			baseConfigurationReference = E4EB6923138AFD0F00A09F29 /* Project.xcconfig */;
			buildSettings = {
				CONFIGURATION_BUILD_DIR = "$(SRCROOT)/bin/";
				COPY_PHASE_STRIP = YES;
				DEAD_CODE_STRIPPING = YES;
				GCC_AUTO_VECTORIZATION = YES;
				GCC_ENABLE_SSE3_EXTENSIONS = YES;
				GCC_ENABLE_SUPPLEMENTAL_SSE3_INSTRUCTIONS = YES;
				GCC_INLINES_ARE_PRIVATE_EXTERN = NO;
				GCC_OPTIMIZATION_LEVEL = 3;
				GCC_SYMBOLS_PRIVATE_EXTERN = NO;
				GCC_UNROLL_LOOPS = YES;
				GCC_WARN_ABOUT_DEPRECATED_FUNCTIONS = YES;
				GCC_WARN_ABOUT_INVALID_OFFSETOF_MACRO = NO;
				GCC_WARN_ALLOW_INCOMPLETE_PROTOCOL = NO;
				GCC_WARN_UNINITIALIZED_AUTOS = NO;
				GCC_WARN_UNUSED_VALUE = NO;
				GCC_WARN_UNUSED_VARIABLE = NO;
				HEADER_SEARCH_PATHS = (
					"$(OF_CORE_HEADERS)",
					src,
					../../../../../Applications/of_v0.9.8_osx_release/addons/ofxAssimpModelLoader/libs,
					../../../../../Applications/of_v0.9.8_osx_release/addons/ofxAssimpModelLoader/libs/assimp,
					../../../../../Applications/of_v0.9.8_osx_release/addons/ofxAssimpModelLoader/libs/assimp/include,
					../../../../../Applications/of_v0.9.8_osx_release/addons/ofxAssimpModelLoader/libs/assimp/include/assimp,
					../../../../../Applications/of_v0.9.8_osx_release/addons/ofxAssimpModelLoader/libs/assimp/include/assimp/Compiler,
					../../../../../Applications/of_v0.9.8_osx_release/addons/ofxAssimpModelLoader/libs/assimp/lib,
					../../../../../Applications/of_v0.9.8_osx_release/addons/ofxAssimpModelLoader/libs/assimp/lib/emscripten,
					../../../../../Applications/of_v0.9.8_osx_release/addons/ofxAssimpModelLoader/libs/assimp/lib/osx,
					../../../../../Applications/of_v0.9.8_osx_release/addons/ofxAssimpModelLoader/libs/assimp/license,
					../../../../../Applications/of_v0.9.8_osx_release/addons/ofxAssimpModelLoader/src,
					../../../../../Applications/of_v0.9.8_osx_release/addons/ofxOsc/libs,
					../../../../../Applications/of_v0.9.8_osx_release/addons/ofxOsc/libs/oscpack,
					../../../../../Applications/of_v0.9.8_osx_release/addons/ofxOsc/libs/oscpack/src,
					../../../../../Applications/of_v0.9.8_osx_release/addons/ofxOsc/libs/oscpack/src/ip,
					../../../../../Applications/of_v0.9.8_osx_release/addons/ofxOsc/libs/oscpack/src/ip/posix,
					../../../../../Applications/of_v0.9.8_osx_release/addons/ofxOsc/libs/oscpack/src/ip/win32,
					../../../../../Applications/of_v0.9.8_osx_release/addons/ofxOsc/libs/oscpack/src/osc,
					../../../../../Applications/of_v0.9.8_osx_release/addons/ofxOsc/src,
					../../../../../Applications/of_v0.9.8_osx_release/addons/ofxSyphon/libs,
					../../../../../Applications/of_v0.9.8_osx_release/addons/ofxSyphon/libs/Syphon,
					../../../../../Applications/of_v0.9.8_osx_release/addons/ofxSyphon/libs/Syphon/lib,
					../../../../../Applications/of_v0.9.8_osx_release/addons/ofxSyphon/libs/Syphon/lib/osx,
					../../../../../Applications/of_v0.9.8_osx_release/addons/ofxSyphon/libs/Syphon/src,
					../../../../../Applications/of_v0.9.8_osx_release/addons/ofxSyphon/src,
					../../../../../Applications/of_v0.9.8_osx_release/addons/ofxTktrPerformanceTuning/src,
					../../../../../Applications/of_v0.9.8_osx_release/addons/ofxTrueTypeFontUL2/libs,
					../../../../../Applications/of_v0.9.8_osx_release/addons/ofxTrueTypeFontUL2/libs/harfbuzz,
					../../../../../Applications/of_v0.9.8_osx_release/addons/ofxTrueTypeFontUL2/libs/harfbuzz/include,
					../../../../../Applications/of_v0.9.8_osx_release/addons/ofxTrueTypeFontUL2/libs/harfbuzz/lib,
					../../../../../Applications/of_v0.9.8_osx_release/addons/ofxTrueTypeFontUL2/libs/harfbuzz/lib/osx,
					../../../../../Applications/of_v0.9.8_osx_release/addons/ofxTrueTypeFontUL2/src,
				);
				MACOSX_DEPLOYMENT_TARGET = 10.8;
				OTHER_CPLUSPLUSFLAGS = (
					"-D__MACOSX_CORE__",
					"-mtune=native",
				);
				OTHER_LDFLAGS = (
					"$(OF_CORE_FRAMEWORKS)",
					"$(OF_CORE_LIBS)",
					../../../../../Applications/of_v0.9.8_osx_release/addons/ofxAssimpModelLoader/libs/assimp/lib/osx/assimp.a,
					../../../../../Applications/of_v0.9.8_osx_release/addons/ofxTrueTypeFontUL2/libs/harfbuzz/lib/osx/libharfbuzz.a,
				);
				SDKROOT = macosx;
			};
			name = Release;
		};
		E4B69B600A3A1757003C02F2 /* Debug */ = {
			isa = XCBuildConfiguration;
			baseConfigurationReference = E4EB6923138AFD0F00A09F29 /* Project.xcconfig */;
			buildSettings = {
				COMBINE_HIDPI_IMAGES = YES;
				COPY_PHASE_STRIP = NO;
				FRAMEWORK_SEARCH_PATHS = (
					"$(inherited)",
					"$(FRAMEWORK_SEARCH_PATHS_QUOTED_FOR_TARGET_1)",
					../../../../../Applications/of_v0.9.8_osx_release/addons/ofxSyphon/libs/Syphon/lib/osx,
				);
				FRAMEWORK_SEARCH_PATHS_QUOTED_FOR_TARGET_1 = "\"$(SRCROOT)/../../../../../Applications/of_v0.9.8_osx_release/libs/glut/lib/osx\"";
				GCC_DYNAMIC_NO_PIC = NO;
				GCC_GENERATE_DEBUGGING_SYMBOLS = YES;
				GCC_MODEL_TUNING = NONE;
				HEADER_SEARCH_PATHS = (
					"$(OF_CORE_HEADERS)",
					src,
					../../../../../Applications/of_v0.9.8_osx_release/addons/ofxAssimpModelLoader/libs,
					../../../../../Applications/of_v0.9.8_osx_release/addons/ofxAssimpModelLoader/libs/assimp,
					../../../../../Applications/of_v0.9.8_osx_release/addons/ofxAssimpModelLoader/libs/assimp/include,
					../../../../../Applications/of_v0.9.8_osx_release/addons/ofxAssimpModelLoader/libs/assimp/include/assimp,
					../../../../../Applications/of_v0.9.8_osx_release/addons/ofxAssimpModelLoader/libs/assimp/include/assimp/Compiler,
					../../../../../Applications/of_v0.9.8_osx_release/addons/ofxAssimpModelLoader/libs/assimp/lib,
					../../../../../Applications/of_v0.9.8_osx_release/addons/ofxAssimpModelLoader/libs/assimp/lib/emscripten,
					../../../../../Applications/of_v0.9.8_osx_release/addons/ofxAssimpModelLoader/libs/assimp/lib/osx,
					../../../../../Applications/of_v0.9.8_osx_release/addons/ofxAssimpModelLoader/libs/assimp/license,
					../../../../../Applications/of_v0.9.8_osx_release/addons/ofxAssimpModelLoader/src,
					../../../../../Applications/of_v0.9.8_osx_release/addons/ofxOsc/libs,
					../../../../../Applications/of_v0.9.8_osx_release/addons/ofxOsc/libs/oscpack,
					../../../../../Applications/of_v0.9.8_osx_release/addons/ofxOsc/libs/oscpack/src,
					../../../../../Applications/of_v0.9.8_osx_release/addons/ofxOsc/libs/oscpack/src/ip,
					../../../../../Applications/of_v0.9.8_osx_release/addons/ofxOsc/libs/oscpack/src/ip/posix,
					../../../../../Applications/of_v0.9.8_osx_release/addons/ofxOsc/libs/oscpack/src/ip/win32,
					../../../../../Applications/of_v0.9.8_osx_release/addons/ofxOsc/libs/oscpack/src/osc,
					../../../../../Applications/of_v0.9.8_osx_release/addons/ofxOsc/src,
					../../../../../Applications/of_v0.9.8_osx_release/addons/ofxSyphon/libs,
					../../../../../Applications/of_v0.9.8_osx_release/addons/ofxSyphon/libs/Syphon,
					../../../../../Applications/of_v0.9.8_osx_release/addons/ofxSyphon/libs/Syphon/lib,
					../../../../../Applications/of_v0.9.8_osx_release/addons/ofxSyphon/libs/Syphon/lib/osx,
					../../../../../Applications/of_v0.9.8_osx_release/addons/ofxSyphon/libs/Syphon/src,
					../../../../../Applications/of_v0.9.8_osx_release/addons/ofxSyphon/src,
					../../../../../Applications/of_v0.9.8_osx_release/addons/ofxTktrPerformanceTuning/src,
					../../../../../Applications/of_v0.9.8_osx_release/addons/ofxTrueTypeFontUL2/libs,
					../../../../../Applications/of_v0.9.8_osx_release/addons/ofxTrueTypeFontUL2/libs/harfbuzz,
					../../../../../Applications/of_v0.9.8_osx_release/addons/ofxTrueTypeFontUL2/libs/harfbuzz/include,
					../../../../../Applications/of_v0.9.8_osx_release/addons/ofxTrueTypeFontUL2/libs/harfbuzz/lib,
					../../../../../Applications/of_v0.9.8_osx_release/addons/ofxTrueTypeFontUL2/libs/harfbuzz/lib/osx,
					../../../../../Applications/of_v0.9.8_osx_release/addons/ofxTrueTypeFontUL2/src,
				);
				ICON = "$(ICON_NAME_DEBUG)";
				ICON_FILE = "$(ICON_FILE_PATH)$(ICON)";
				INFOPLIST_FILE = "openFrameworks-Info.plist";
				INSTALL_PATH = /Applications;
				LIBRARY_SEARCH_PATHS = "$(inherited)";
				OTHER_LDFLAGS = (
					"$(OF_CORE_FRAMEWORKS)",
					"$(OF_CORE_LIBS)",
					../../../../../Applications/of_v0.9.8_osx_release/addons/ofxAssimpModelLoader/libs/assimp/lib/osx/assimp.a,
					../../../../../Applications/of_v0.9.8_osx_release/addons/ofxTrueTypeFontUL2/libs/harfbuzz/lib/osx/libharfbuzz.a,
				);
				PRODUCT_NAME = "$(TARGET_NAME)Debug";
				WRAPPER_EXTENSION = app;
			};
			name = Debug;
		};
		E4B69B610A3A1757003C02F2 /* Release */ = {
			isa = XCBuildConfiguration;
			baseConfigurationReference = E4EB6923138AFD0F00A09F29 /* Project.xcconfig */;
			buildSettings = {
				COMBINE_HIDPI_IMAGES = YES;
				COPY_PHASE_STRIP = YES;
				FRAMEWORK_SEARCH_PATHS = (
					"$(inherited)",
					"$(FRAMEWORK_SEARCH_PATHS_QUOTED_FOR_TARGET_1)",
					../../../../../Applications/of_v0.9.8_osx_release/addons/ofxSyphon/libs/Syphon/lib/osx,
				);
				FRAMEWORK_SEARCH_PATHS_QUOTED_FOR_TARGET_1 = "\"$(SRCROOT)/../../../../../Applications/of_v0.9.8_osx_release/libs/glut/lib/osx\"";
				GCC_GENERATE_DEBUGGING_SYMBOLS = YES;
				GCC_MODEL_TUNING = NONE;
				HEADER_SEARCH_PATHS = (
					"$(OF_CORE_HEADERS)",
					src,
					../../../../../Applications/of_v0.9.8_osx_release/addons/ofxAssimpModelLoader/libs,
					../../../../../Applications/of_v0.9.8_osx_release/addons/ofxAssimpModelLoader/libs/assimp,
					../../../../../Applications/of_v0.9.8_osx_release/addons/ofxAssimpModelLoader/libs/assimp/include,
					../../../../../Applications/of_v0.9.8_osx_release/addons/ofxAssimpModelLoader/libs/assimp/include/assimp,
					../../../../../Applications/of_v0.9.8_osx_release/addons/ofxAssimpModelLoader/libs/assimp/include/assimp/Compiler,
					../../../../../Applications/of_v0.9.8_osx_release/addons/ofxAssimpModelLoader/libs/assimp/lib,
					../../../../../Applications/of_v0.9.8_osx_release/addons/ofxAssimpModelLoader/libs/assimp/lib/emscripten,
					../../../../../Applications/of_v0.9.8_osx_release/addons/ofxAssimpModelLoader/libs/assimp/lib/osx,
					../../../../../Applications/of_v0.9.8_osx_release/addons/ofxAssimpModelLoader/libs/assimp/license,
					../../../../../Applications/of_v0.9.8_osx_release/addons/ofxAssimpModelLoader/src,
					../../../../../Applications/of_v0.9.8_osx_release/addons/ofxOsc/libs,
					../../../../../Applications/of_v0.9.8_osx_release/addons/ofxOsc/libs/oscpack,
					../../../../../Applications/of_v0.9.8_osx_release/addons/ofxOsc/libs/oscpack/src,
					../../../../../Applications/of_v0.9.8_osx_release/addons/ofxOsc/libs/oscpack/src/ip,
					../../../../../Applications/of_v0.9.8_osx_release/addons/ofxOsc/libs/oscpack/src/ip/posix,
					../../../../../Applications/of_v0.9.8_osx_release/addons/ofxOsc/libs/oscpack/src/ip/win32,
					../../../../../Applications/of_v0.9.8_osx_release/addons/ofxOsc/libs/oscpack/src/osc,
					../../../../../Applications/of_v0.9.8_osx_release/addons/ofxOsc/src,
					../../../../../Applications/of_v0.9.8_osx_release/addons/ofxSyphon/libs,
					../../../../../Applications/of_v0.9.8_osx_release/addons/ofxSyphon/libs/Syphon,
					../../../../../Applications/of_v0.9.8_osx_release/addons/ofxSyphon/libs/Syphon/lib,
					../../../../../Applications/of_v0.9.8_osx_release/addons/ofxSyphon/libs/Syphon/lib/osx,
					../../../../../Applications/of_v0.9.8_osx_release/addons/ofxSyphon/libs/Syphon/src,
					../../../../../Applications/of_v0.9.8_osx_release/addons/ofxSyphon/src,
					../../../../../Applications/of_v0.9.8_osx_release/addons/ofxTktrPerformanceTuning/src,
					../../../../../Applications/of_v0.9.8_osx_release/addons/ofxTrueTypeFontUL2/libs,
					../../../../../Applications/of_v0.9.8_osx_release/addons/ofxTrueTypeFontUL2/libs/harfbuzz,
					../../../../../Applications/of_v0.9.8_osx_release/addons/ofxTrueTypeFontUL2/libs/harfbuzz/include,
					../../../../../Applications/of_v0.9.8_osx_release/addons/ofxTrueTypeFontUL2/libs/harfbuzz/lib,
					../../../../../Applications/of_v0.9.8_osx_release/addons/ofxTrueTypeFontUL2/libs/harfbuzz/lib/osx,
					../../../../../Applications/of_v0.9.8_osx_release/addons/ofxTrueTypeFontUL2/src,
				);
				ICON = "$(ICON_NAME_RELEASE)";
				ICON_FILE = "$(ICON_FILE_PATH)$(ICON)";
				INFOPLIST_FILE = "openFrameworks-Info.plist";
				INSTALL_PATH = /Applications;
				LIBRARY_SEARCH_PATHS = "$(inherited)";
				OTHER_LDFLAGS = (
					"$(OF_CORE_FRAMEWORKS)",
					"$(OF_CORE_LIBS)",
					../../../../../Applications/of_v0.9.8_osx_release/addons/ofxAssimpModelLoader/libs/assimp/lib/osx/assimp.a,
					../../../../../Applications/of_v0.9.8_osx_release/addons/ofxTrueTypeFontUL2/libs/harfbuzz/lib/osx/libharfbuzz.a,
				);
				PRODUCT_NAME = "$(TARGET_NAME)";
				WRAPPER_EXTENSION = app;
				baseConfigurationReference = E4EB6923138AFD0F00A09F29;
			};
			name = Release;
		};
/* End XCBuildConfiguration section */

/* Begin XCConfigurationList section */
		E4B69B4D0A3A1720003C02F2 /* Build configuration list for PBXProject "e-motion_" */ = {
			isa = XCConfigurationList;
			buildConfigurations = (
				E4B69B4E0A3A1720003C02F2 /* Debug */,
				E4B69B4F0A3A1720003C02F2 /* Release */,
			);
			defaultConfigurationIsVisible = 0;
			defaultConfigurationName = Release;
		};
		E4B69B5F0A3A1757003C02F2 /* Build configuration list for PBXNativeTarget "e-motion_" */ = {
			isa = XCConfigurationList;
			buildConfigurations = (
				E4B69B600A3A1757003C02F2 /* Debug */,
				E4B69B610A3A1757003C02F2 /* Release */,
			);
			defaultConfigurationIsVisible = 0;
			defaultConfigurationName = Release;
		};
/* End XCConfigurationList section */
	};
	rootObject = E4B69B4C0A3A1720003C02F2 /* Project object */;
}
